
Microsoft Visual Studio Solution File, Format Version 10.00
# Visual Studio 2008
Project("{FAE04EC0-301F-11D3-BF4B-00C04F79EFBC}") = "Chapter1SimpleQuery", "Chapter1SimpleQuery\Chapter1SimpleQuery.csproj", "{06C9A152-DC34-486F-A7F7-8DEEDE087DCA}"
EndProject
Global
	GlobalSection(SolutionConfigurationPlatforms) = preSolution
		Debug|Any CPU = Debug|Any CPU
		Release|Any CPU = Release|Any CPU
	EndGlobalSection
	GlobalSection(ProjectConfigurationPlatforms) = postSolution
		{06C9A152-DC34-486F-A7F7-8DEEDE087DCA}.Debug|Any CPU.ActiveCfg = Debug|Any CPU
		{06C9A152-DC34-486F-A7F7-8DEEDE087DCA}.Debug|Any CPU.Build.0 = Debug|Any CPU
		{06C9A152-DC34-486F-A7F7-8DEEDE087DCA}.Release|Any CPU.ActiveCfg = Release|Any CPU
		{06C9A152-DC34-486F-A7F7-8DEEDE087DCA}.Release|Any CPU.Build.0 = Release|Any CPU
	EndGlobalSection
	GlobalSection(SolutionProperties) = preSolution
		HideSolutionNode = FALSE
	EndGlobalSection
EndGlobal
