
Microsoft Visual Studio Solution File, Format Version 11.00
# Visual Studio 2010
Project("{FAE04EC0-301F-11D3-BF4B-00C04F79EFBC}") = "ParserTest", "ParserTest\ParserTest.csproj", "{29415A9E-346D-49DC-B9E1-0C06CCFA1339}"
EndProject
Global
	GlobalSection(SolutionConfigurationPlatforms) = preSolution
		Debug|x86 = Debug|x86
		Release|x86 = Release|x86
	EndGlobalSection
	GlobalSection(ProjectConfigurationPlatforms) = postSolution
		{29415A9E-346D-49DC-B9E1-0C06CCFA1339}.Debug|x86.ActiveCfg = Debug|x86
		{29415A9E-346D-49DC-B9E1-0C06CCFA1339}.Debug|x86.Build.0 = Debug|x86
		{29415A9E-346D-49DC-B9E1-0C06CCFA1339}.Release|x86.ActiveCfg = Release|x86
		{29415A9E-346D-49DC-B9E1-0C06CCFA1339}.Release|x86.Build.0 = Release|x86
	EndGlobalSection
	GlobalSection(SolutionProperties) = preSolution
		HideSolutionNode = FALSE
	EndGlobalSection
EndGlobal
