
Microsoft Visual Studio Solution File, Format Version 11.00
# Visual Studio 2010
Project("{FAE04EC0-301F-11D3-BF4B-00C04F79EFBC}") = "ProCsharpExercises", "ProCsharpExercises\ProCsharpExercises.csproj", "{344F469E-8568-4908-BDAF-B12B33AB9B23}"
EndProject
Project("{FAE04EC0-301F-11D3-BF4B-00C04F79EFBC}") = "EnvironmentClassExample", "EnvironmentClassExample\EnvironmentClassExample.csproj", "{AFAA0FF4-2FA4-4C94-9106-13679BE15FC4}"
EndProject
Project("{FAE04EC0-301F-11D3-BF4B-00C04F79EFBC}") = "FormatNumbers", "FormatNumbers\FormatNumbers.csproj", "{DA05E254-1F65-4D49-B6C7-70BC3FAD4FC4}"
EndProject
Project("{FAE04EC0-301F-11D3-BF4B-00C04F79EFBC}") = "IntrinsicDataTypes", "IntrinsicDataTypes\IntrinsicDataTypes.csproj", "{B5001CC4-3DD3-4BB8-B82D-E9B0342BB76E}"
EndProject
Project("{FAE04EC0-301F-11D3-BF4B-00C04F79EFBC}") = "DetectingNumericOverflows", "DetectingNumericOverflows\DetectingNumericOverflows.csproj", "{3D9E70FE-FF5B-4DCC-BF7F-54D4697FA0CD}"
EndProject
Project("{FAE04EC0-301F-11D3-BF4B-00C04F79EFBC}") = "ImplicitTypingExample_Chap2", "ImplicitTypingExample_Chap2\ImplicitTypingExample_Chap2.csproj", "{0B35EF4A-D2F0-4B5B-B1BA-B30B96D609AF}"
EndProject
Project("{FAE04EC0-301F-11D3-BF4B-00C04F79EFBC}") = "MultiDimArrayExample", "MultiDimArrayExample\MultiDimArrayExample.csproj", "{CE1B0707-ED2F-41B1-8662-EA67AB413109}"
EndProject
Project("{FAE04EC0-301F-11D3-BF4B-00C04F79EFBC}") = "EnumTypes", "EnumTypes\EnumTypes.csproj", "{9E3DAD67-AD73-41FA-91FB-80BC2BF1D0A9}"
EndProject
Project("{FAE04EC0-301F-11D3-BF4B-00C04F79EFBC}") = "NullableTypes", "NullableTypes\NullableTypes.csproj", "{86D4FA90-718C-420C-A905-93F1E46ED7C3}"
EndProject
Project("{FAE04EC0-301F-11D3-BF4B-00C04F79EFBC}") = "TypeCheckingConstructs", "TypeCheckingConstructs\TypeCheckingConstructs.csproj", "{1E1B4008-8006-4EC0-B1A8-157888D78BC3}"
EndProject
Project("{FAE04EC0-301F-11D3-BF4B-00C04F79EFBC}") = "UsingSyntaxAndDispose", "UsingSyntaxAndDispose\UsingSyntaxAndDispose.csproj", "{CCDB9FAE-E633-421A-AB41-5B34D1977045}"
EndProject
Project("{FAE04EC0-301F-11D3-BF4B-00C04F79EFBC}") = "EnumerableUsage", "EnumerableUsage\EnumerableUsage.csproj", "{2E920002-98A9-487F-B402-1468DDE3777C}"
EndProject
Project("{FAE04EC0-301F-11D3-BF4B-00C04F79EFBC}") = "Delegate1Ex_BinaryOp", "Delegate1Ex_BinaryOp\Delegate1Ex_BinaryOp.csproj", "{371A34C7-2616-41DF-9C49-0D5EBEC80FD8}"
EndProject
Project("{8BC9CEB8-8B4A-11D0-8D11-00A0C91BC942}") = "Delegate1Ex_BinaryOp_CPP", "Delegate1Ex_BinaryOp_CPP\Delegate1Ex_BinaryOp_CPP.vcxproj", "{AF34275C-CD51-424B-B4D8-282D944DA168}"
EndProject
Project("{8BC9CEB8-8B4A-11D0-8D11-00A0C91BC942}") = "EnumerableUsage_CPP", "EnumerableUsage_CPP\EnumerableUsage_CPP.vcxproj", "{C9E102CC-0C2C-4FAA-8C78-569AAE2B8CAC}"
EndProject
Project("{FAE04EC0-301F-11D3-BF4B-00C04F79EFBC}") = "UnmanagedDataConversion", "UnmanagedDataConversion\UnmanagedDataConversion.csproj", "{D1A85069-A60F-4A74-9C2C-0117D952E66F}"
EndProject
Project("{FAE04EC0-301F-11D3-BF4B-00C04F79EFBC}") = "Exceptions", "Exceptions\Exceptions.csproj", "{B8FC39FB-D6E0-4DF3-AE37-2250ED28AE4B}"
EndProject
Project("{FAE04EC0-301F-11D3-BF4B-00C04F79EFBC}") = "CustomSerialization", "CustomSerialization\CustomSerialization.csproj", "{3CBF6137-CB4D-489E-A469-05A8E98D9593}"
EndProject
Project("{8BC9CEB8-8B4A-11D0-8D11-00A0C91BC942}") = "NullPtrCPP", "NullPtrCPP\NullPtrCPP.vcxproj", "{58512B24-4613-4629-A8C0-1A6282377F30}"
EndProject
Project("{FAE04EC0-301F-11D3-BF4B-00C04F79EFBC}") = "ReflectionExamples", "ReflectionExamples\ReflectionExamples.csproj", "{50795A39-762A-4A05-9B50-56063774DFC1}"
EndProject
Project("{FAE04EC0-301F-11D3-BF4B-00C04F79EFBC}") = "TimeMeasurements", "TimeMeasurements\TimeMeasurements.csproj", "{E03A18B6-6287-4B7B-8184-35D8A323024C}"
EndProject
Project("{FAE04EC0-301F-11D3-BF4B-00C04F79EFBC}") = "Threading_dotNet", "Threading_dotNet\Threading_dotNet.csproj", "{7CED090B-AE87-48CB-AB7C-3CC014ED1262}"
EndProject
Project("{8BC9CEB8-8B4A-11D0-8D11-00A0C91BC942}") = "Threading_dotNet_CPP", "Threading_dotNet_CPP\Threading_dotNet_CPP.vcxproj", "{5D224A18-90BC-477A-B67B-38BEC06A9182}"
EndProject
Project("{FAE04EC0-301F-11D3-BF4B-00C04F79EFBC}") = "EncodingUsage", "EncodingUsage\EncodingUsage.csproj", "{23CFE1E3-777A-436E-9EA9-F4C1CC39C9A3}"
EndProject
Project("{8BC9CEB8-8B4A-11D0-8D11-00A0C91BC942}") = "EncodingUsageCPP", "EncodingUsageCPP\EncodingUsageCPP.vcxproj", "{F76220C4-8C9E-4531-8B9A-9305070C91D8}"
EndProject
Project("{8BC9CEB8-8B4A-11D0-8D11-00A0C91BC942}") = "TrackingReferenceTest_CPP", "TrackingReferenceTest\TrackingReferenceTest.vcxproj", "{0EC05FD6-E198-4141-9325-641A059C7740}"
EndProject
Project("{8BC9CEB8-8B4A-11D0-8D11-00A0C91BC942}") = "UsingSyntaxAndDisposeCPP", "UsingSyntaxAndDisposeCPP\UsingSyntaxAndDisposeCPP.vcxproj", "{A3249EEA-270D-4AA0-8395-80E7A863CCEE}"
EndProject
Project("{FAE04EC0-301F-11D3-BF4B-00C04F79EFBC}") = "FileIO", "FileIO\FileIO.csproj", "{A59A3D2A-A51D-4E41-B8E4-743CE0C76FDA}"
EndProject
Project("{FAE04EC0-301F-11D3-BF4B-00C04F79EFBC}") = "LoopingAndBreaking", "LoopingAndBreaking\LoopingAndBreaking.csproj", "{C828CE94-83A2-458F-8E6E-B1D7470ABAE2}"
EndProject
Project("{8BC9CEB8-8B4A-11D0-8D11-00A0C91BC942}") = "PopulatingStructs", "PopulatingStructs\PopulatingStructs.vcxproj", "{8C3C53D9-9925-4718-AA81-AD9D84EF4B07}"
EndProject
Project("{FAE04EC0-301F-11D3-BF4B-00C04F79EFBC}") = "PopulatingStructsCSharp", "PopulatingStructsCSharp\PopulatingStructsCSharp.csproj", "{383CDB56-A052-4EB7-8864-3D73BB2F7FF8}"
EndProject
Global
	GlobalSection(SolutionConfigurationPlatforms) = preSolution
		Debug|Any CPU = Debug|Any CPU
		Debug|Mixed Platforms = Debug|Mixed Platforms
		Debug|Win32 = Debug|Win32
		Debug|x86 = Debug|x86
		Release|Any CPU = Release|Any CPU
		Release|Mixed Platforms = Release|Mixed Platforms
		Release|Win32 = Release|Win32
		Release|x86 = Release|x86
	EndGlobalSection
	GlobalSection(ProjectConfigurationPlatforms) = postSolution
		{344F469E-8568-4908-BDAF-B12B33AB9B23}.Debug|Any CPU.ActiveCfg = Debug|x86
		{344F469E-8568-4908-BDAF-B12B33AB9B23}.Debug|Mixed Platforms.ActiveCfg = Debug|x86
		{344F469E-8568-4908-BDAF-B12B33AB9B23}.Debug|Mixed Platforms.Build.0 = Debug|x86
		{344F469E-8568-4908-BDAF-B12B33AB9B23}.Debug|Win32.ActiveCfg = Debug|x86
		{344F469E-8568-4908-BDAF-B12B33AB9B23}.Debug|x86.ActiveCfg = Debug|x86
		{344F469E-8568-4908-BDAF-B12B33AB9B23}.Debug|x86.Build.0 = Debug|x86
		{344F469E-8568-4908-BDAF-B12B33AB9B23}.Release|Any CPU.ActiveCfg = Release|x86
		{344F469E-8568-4908-BDAF-B12B33AB9B23}.Release|Mixed Platforms.ActiveCfg = Release|x86
		{344F469E-8568-4908-BDAF-B12B33AB9B23}.Release|Mixed Platforms.Build.0 = Release|x86
		{344F469E-8568-4908-BDAF-B12B33AB9B23}.Release|Win32.ActiveCfg = Release|x86
		{344F469E-8568-4908-BDAF-B12B33AB9B23}.Release|x86.ActiveCfg = Release|x86
		{344F469E-8568-4908-BDAF-B12B33AB9B23}.Release|x86.Build.0 = Release|x86
		{AFAA0FF4-2FA4-4C94-9106-13679BE15FC4}.Debug|Any CPU.ActiveCfg = Debug|x86
		{AFAA0FF4-2FA4-4C94-9106-13679BE15FC4}.Debug|Mixed Platforms.ActiveCfg = Debug|x86
		{AFAA0FF4-2FA4-4C94-9106-13679BE15FC4}.Debug|Mixed Platforms.Build.0 = Debug|x86
		{AFAA0FF4-2FA4-4C94-9106-13679BE15FC4}.Debug|Win32.ActiveCfg = Debug|x86
		{AFAA0FF4-2FA4-4C94-9106-13679BE15FC4}.Debug|x86.ActiveCfg = Debug|x86
		{AFAA0FF4-2FA4-4C94-9106-13679BE15FC4}.Debug|x86.Build.0 = Debug|x86
		{AFAA0FF4-2FA4-4C94-9106-13679BE15FC4}.Release|Any CPU.ActiveCfg = Release|x86
		{AFAA0FF4-2FA4-4C94-9106-13679BE15FC4}.Release|Mixed Platforms.ActiveCfg = Release|x86
		{AFAA0FF4-2FA4-4C94-9106-13679BE15FC4}.Release|Mixed Platforms.Build.0 = Release|x86
		{AFAA0FF4-2FA4-4C94-9106-13679BE15FC4}.Release|Win32.ActiveCfg = Release|x86
		{AFAA0FF4-2FA4-4C94-9106-13679BE15FC4}.Release|x86.ActiveCfg = Release|x86
		{AFAA0FF4-2FA4-4C94-9106-13679BE15FC4}.Release|x86.Build.0 = Release|x86
		{DA05E254-1F65-4D49-B6C7-70BC3FAD4FC4}.Debug|Any CPU.ActiveCfg = Debug|x86
		{DA05E254-1F65-4D49-B6C7-70BC3FAD4FC4}.Debug|Mixed Platforms.ActiveCfg = Debug|x86
		{DA05E254-1F65-4D49-B6C7-70BC3FAD4FC4}.Debug|Mixed Platforms.Build.0 = Debug|x86
		{DA05E254-1F65-4D49-B6C7-70BC3FAD4FC4}.Debug|Win32.ActiveCfg = Debug|x86
		{DA05E254-1F65-4D49-B6C7-70BC3FAD4FC4}.Debug|x86.ActiveCfg = Debug|x86
		{DA05E254-1F65-4D49-B6C7-70BC3FAD4FC4}.Debug|x86.Build.0 = Debug|x86
		{DA05E254-1F65-4D49-B6C7-70BC3FAD4FC4}.Release|Any CPU.ActiveCfg = Release|x86
		{DA05E254-1F65-4D49-B6C7-70BC3FAD4FC4}.Release|Mixed Platforms.ActiveCfg = Release|x86
		{DA05E254-1F65-4D49-B6C7-70BC3FAD4FC4}.Release|Mixed Platforms.Build.0 = Release|x86
		{DA05E254-1F65-4D49-B6C7-70BC3FAD4FC4}.Release|Win32.ActiveCfg = Release|x86
		{DA05E254-1F65-4D49-B6C7-70BC3FAD4FC4}.Release|x86.ActiveCfg = Release|x86
		{DA05E254-1F65-4D49-B6C7-70BC3FAD4FC4}.Release|x86.Build.0 = Release|x86
		{B5001CC4-3DD3-4BB8-B82D-E9B0342BB76E}.Debug|Any CPU.ActiveCfg = Debug|x86
		{B5001CC4-3DD3-4BB8-B82D-E9B0342BB76E}.Debug|Mixed Platforms.ActiveCfg = Debug|x86
		{B5001CC4-3DD3-4BB8-B82D-E9B0342BB76E}.Debug|Mixed Platforms.Build.0 = Debug|x86
		{B5001CC4-3DD3-4BB8-B82D-E9B0342BB76E}.Debug|Win32.ActiveCfg = Debug|x86
		{B5001CC4-3DD3-4BB8-B82D-E9B0342BB76E}.Debug|x86.ActiveCfg = Debug|x86
		{B5001CC4-3DD3-4BB8-B82D-E9B0342BB76E}.Debug|x86.Build.0 = Debug|x86
		{B5001CC4-3DD3-4BB8-B82D-E9B0342BB76E}.Release|Any CPU.ActiveCfg = Release|x86
		{B5001CC4-3DD3-4BB8-B82D-E9B0342BB76E}.Release|Mixed Platforms.ActiveCfg = Release|x86
		{B5001CC4-3DD3-4BB8-B82D-E9B0342BB76E}.Release|Mixed Platforms.Build.0 = Release|x86
		{B5001CC4-3DD3-4BB8-B82D-E9B0342BB76E}.Release|Win32.ActiveCfg = Release|x86
		{B5001CC4-3DD3-4BB8-B82D-E9B0342BB76E}.Release|x86.ActiveCfg = Release|x86
		{B5001CC4-3DD3-4BB8-B82D-E9B0342BB76E}.Release|x86.Build.0 = Release|x86
		{3D9E70FE-FF5B-4DCC-BF7F-54D4697FA0CD}.Debug|Any CPU.ActiveCfg = Debug|x86
		{3D9E70FE-FF5B-4DCC-BF7F-54D4697FA0CD}.Debug|Mixed Platforms.ActiveCfg = Debug|x86
		{3D9E70FE-FF5B-4DCC-BF7F-54D4697FA0CD}.Debug|Mixed Platforms.Build.0 = Debug|x86
		{3D9E70FE-FF5B-4DCC-BF7F-54D4697FA0CD}.Debug|Win32.ActiveCfg = Debug|x86
		{3D9E70FE-FF5B-4DCC-BF7F-54D4697FA0CD}.Debug|x86.ActiveCfg = Debug|x86
		{3D9E70FE-FF5B-4DCC-BF7F-54D4697FA0CD}.Debug|x86.Build.0 = Debug|x86
		{3D9E70FE-FF5B-4DCC-BF7F-54D4697FA0CD}.Release|Any CPU.ActiveCfg = Release|x86
		{3D9E70FE-FF5B-4DCC-BF7F-54D4697FA0CD}.Release|Mixed Platforms.ActiveCfg = Release|x86
		{3D9E70FE-FF5B-4DCC-BF7F-54D4697FA0CD}.Release|Mixed Platforms.Build.0 = Release|x86
		{3D9E70FE-FF5B-4DCC-BF7F-54D4697FA0CD}.Release|Win32.ActiveCfg = Release|x86
		{3D9E70FE-FF5B-4DCC-BF7F-54D4697FA0CD}.Release|x86.ActiveCfg = Release|x86
		{3D9E70FE-FF5B-4DCC-BF7F-54D4697FA0CD}.Release|x86.Build.0 = Release|x86
		{0B35EF4A-D2F0-4B5B-B1BA-B30B96D609AF}.Debug|Any CPU.ActiveCfg = Debug|x86
		{0B35EF4A-D2F0-4B5B-B1BA-B30B96D609AF}.Debug|Mixed Platforms.ActiveCfg = Debug|x86
		{0B35EF4A-D2F0-4B5B-B1BA-B30B96D609AF}.Debug|Mixed Platforms.Build.0 = Debug|x86
		{0B35EF4A-D2F0-4B5B-B1BA-B30B96D609AF}.Debug|Win32.ActiveCfg = Debug|x86
		{0B35EF4A-D2F0-4B5B-B1BA-B30B96D609AF}.Debug|x86.ActiveCfg = Debug|x86
		{0B35EF4A-D2F0-4B5B-B1BA-B30B96D609AF}.Debug|x86.Build.0 = Debug|x86
		{0B35EF4A-D2F0-4B5B-B1BA-B30B96D609AF}.Release|Any CPU.ActiveCfg = Release|x86
		{0B35EF4A-D2F0-4B5B-B1BA-B30B96D609AF}.Release|Mixed Platforms.ActiveCfg = Release|x86
		{0B35EF4A-D2F0-4B5B-B1BA-B30B96D609AF}.Release|Mixed Platforms.Build.0 = Release|x86
		{0B35EF4A-D2F0-4B5B-B1BA-B30B96D609AF}.Release|Win32.ActiveCfg = Release|x86
		{0B35EF4A-D2F0-4B5B-B1BA-B30B96D609AF}.Release|x86.ActiveCfg = Release|x86
		{0B35EF4A-D2F0-4B5B-B1BA-B30B96D609AF}.Release|x86.Build.0 = Release|x86
		{CE1B0707-ED2F-41B1-8662-EA67AB413109}.Debug|Any CPU.ActiveCfg = Debug|x86
		{CE1B0707-ED2F-41B1-8662-EA67AB413109}.Debug|Mixed Platforms.ActiveCfg = Debug|x86
		{CE1B0707-ED2F-41B1-8662-EA67AB413109}.Debug|Mixed Platforms.Build.0 = Debug|x86
		{CE1B0707-ED2F-41B1-8662-EA67AB413109}.Debug|Win32.ActiveCfg = Debug|x86
		{CE1B0707-ED2F-41B1-8662-EA67AB413109}.Debug|x86.ActiveCfg = Debug|x86
		{CE1B0707-ED2F-41B1-8662-EA67AB413109}.Debug|x86.Build.0 = Debug|x86
		{CE1B0707-ED2F-41B1-8662-EA67AB413109}.Release|Any CPU.ActiveCfg = Release|x86
		{CE1B0707-ED2F-41B1-8662-EA67AB413109}.Release|Mixed Platforms.ActiveCfg = Release|x86
		{CE1B0707-ED2F-41B1-8662-EA67AB413109}.Release|Mixed Platforms.Build.0 = Release|x86
		{CE1B0707-ED2F-41B1-8662-EA67AB413109}.Release|Win32.ActiveCfg = Release|x86
		{CE1B0707-ED2F-41B1-8662-EA67AB413109}.Release|x86.ActiveCfg = Release|x86
		{CE1B0707-ED2F-41B1-8662-EA67AB413109}.Release|x86.Build.0 = Release|x86
		{9E3DAD67-AD73-41FA-91FB-80BC2BF1D0A9}.Debug|Any CPU.ActiveCfg = Debug|x86
		{9E3DAD67-AD73-41FA-91FB-80BC2BF1D0A9}.Debug|Mixed Platforms.ActiveCfg = Debug|x86
		{9E3DAD67-AD73-41FA-91FB-80BC2BF1D0A9}.Debug|Mixed Platforms.Build.0 = Debug|x86
		{9E3DAD67-AD73-41FA-91FB-80BC2BF1D0A9}.Debug|Win32.ActiveCfg = Debug|x86
		{9E3DAD67-AD73-41FA-91FB-80BC2BF1D0A9}.Debug|x86.ActiveCfg = Debug|x86
		{9E3DAD67-AD73-41FA-91FB-80BC2BF1D0A9}.Debug|x86.Build.0 = Debug|x86
		{9E3DAD67-AD73-41FA-91FB-80BC2BF1D0A9}.Release|Any CPU.ActiveCfg = Release|x86
		{9E3DAD67-AD73-41FA-91FB-80BC2BF1D0A9}.Release|Mixed Platforms.ActiveCfg = Release|x86
		{9E3DAD67-AD73-41FA-91FB-80BC2BF1D0A9}.Release|Mixed Platforms.Build.0 = Release|x86
		{9E3DAD67-AD73-41FA-91FB-80BC2BF1D0A9}.Release|Win32.ActiveCfg = Release|x86
		{9E3DAD67-AD73-41FA-91FB-80BC2BF1D0A9}.Release|x86.ActiveCfg = Release|x86
		{9E3DAD67-AD73-41FA-91FB-80BC2BF1D0A9}.Release|x86.Build.0 = Release|x86
		{86D4FA90-718C-420C-A905-93F1E46ED7C3}.Debug|Any CPU.ActiveCfg = Debug|x86
		{86D4FA90-718C-420C-A905-93F1E46ED7C3}.Debug|Mixed Platforms.ActiveCfg = Debug|x86
		{86D4FA90-718C-420C-A905-93F1E46ED7C3}.Debug|Mixed Platforms.Build.0 = Debug|x86
		{86D4FA90-718C-420C-A905-93F1E46ED7C3}.Debug|Win32.ActiveCfg = Debug|x86
		{86D4FA90-718C-420C-A905-93F1E46ED7C3}.Debug|x86.ActiveCfg = Debug|x86
		{86D4FA90-718C-420C-A905-93F1E46ED7C3}.Debug|x86.Build.0 = Debug|x86
		{86D4FA90-718C-420C-A905-93F1E46ED7C3}.Release|Any CPU.ActiveCfg = Release|x86
		{86D4FA90-718C-420C-A905-93F1E46ED7C3}.Release|Mixed Platforms.ActiveCfg = Release|x86
		{86D4FA90-718C-420C-A905-93F1E46ED7C3}.Release|Mixed Platforms.Build.0 = Release|x86
		{86D4FA90-718C-420C-A905-93F1E46ED7C3}.Release|Win32.ActiveCfg = Release|x86
		{86D4FA90-718C-420C-A905-93F1E46ED7C3}.Release|x86.ActiveCfg = Release|x86
		{86D4FA90-718C-420C-A905-93F1E46ED7C3}.Release|x86.Build.0 = Release|x86
		{1E1B4008-8006-4EC0-B1A8-157888D78BC3}.Debug|Any CPU.ActiveCfg = Debug|x86
		{1E1B4008-8006-4EC0-B1A8-157888D78BC3}.Debug|Mixed Platforms.ActiveCfg = Debug|x86
		{1E1B4008-8006-4EC0-B1A8-157888D78BC3}.Debug|Mixed Platforms.Build.0 = Debug|x86
		{1E1B4008-8006-4EC0-B1A8-157888D78BC3}.Debug|Win32.ActiveCfg = Debug|x86
		{1E1B4008-8006-4EC0-B1A8-157888D78BC3}.Debug|x86.ActiveCfg = Debug|x86
		{1E1B4008-8006-4EC0-B1A8-157888D78BC3}.Debug|x86.Build.0 = Debug|x86
		{1E1B4008-8006-4EC0-B1A8-157888D78BC3}.Release|Any CPU.ActiveCfg = Release|x86
		{1E1B4008-8006-4EC0-B1A8-157888D78BC3}.Release|Mixed Platforms.ActiveCfg = Release|x86
		{1E1B4008-8006-4EC0-B1A8-157888D78BC3}.Release|Mixed Platforms.Build.0 = Release|x86
		{1E1B4008-8006-4EC0-B1A8-157888D78BC3}.Release|Win32.ActiveCfg = Release|x86
		{1E1B4008-8006-4EC0-B1A8-157888D78BC3}.Release|x86.ActiveCfg = Release|x86
		{1E1B4008-8006-4EC0-B1A8-157888D78BC3}.Release|x86.Build.0 = Release|x86
		{CCDB9FAE-E633-421A-AB41-5B34D1977045}.Debug|Any CPU.ActiveCfg = Debug|x86
		{CCDB9FAE-E633-421A-AB41-5B34D1977045}.Debug|Mixed Platforms.ActiveCfg = Debug|x86
		{CCDB9FAE-E633-421A-AB41-5B34D1977045}.Debug|Mixed Platforms.Build.0 = Debug|x86
		{CCDB9FAE-E633-421A-AB41-5B34D1977045}.Debug|Win32.ActiveCfg = Debug|x86
		{CCDB9FAE-E633-421A-AB41-5B34D1977045}.Debug|x86.ActiveCfg = Debug|x86
		{CCDB9FAE-E633-421A-AB41-5B34D1977045}.Debug|x86.Build.0 = Debug|x86
		{CCDB9FAE-E633-421A-AB41-5B34D1977045}.Release|Any CPU.ActiveCfg = Release|x86
		{CCDB9FAE-E633-421A-AB41-5B34D1977045}.Release|Mixed Platforms.ActiveCfg = Release|x86
		{CCDB9FAE-E633-421A-AB41-5B34D1977045}.Release|Mixed Platforms.Build.0 = Release|x86
		{CCDB9FAE-E633-421A-AB41-5B34D1977045}.Release|Win32.ActiveCfg = Release|x86
		{CCDB9FAE-E633-421A-AB41-5B34D1977045}.Release|x86.ActiveCfg = Release|x86
		{CCDB9FAE-E633-421A-AB41-5B34D1977045}.Release|x86.Build.0 = Release|x86
		{2E920002-98A9-487F-B402-1468DDE3777C}.Debug|Any CPU.ActiveCfg = Debug|x86
		{2E920002-98A9-487F-B402-1468DDE3777C}.Debug|Mixed Platforms.ActiveCfg = Debug|x86
		{2E920002-98A9-487F-B402-1468DDE3777C}.Debug|Mixed Platforms.Build.0 = Debug|x86
		{2E920002-98A9-487F-B402-1468DDE3777C}.Debug|Win32.ActiveCfg = Debug|x86
		{2E920002-98A9-487F-B402-1468DDE3777C}.Debug|x86.ActiveCfg = Debug|x86
		{2E920002-98A9-487F-B402-1468DDE3777C}.Debug|x86.Build.0 = Debug|x86
		{2E920002-98A9-487F-B402-1468DDE3777C}.Release|Any CPU.ActiveCfg = Release|x86
		{2E920002-98A9-487F-B402-1468DDE3777C}.Release|Mixed Platforms.ActiveCfg = Release|x86
		{2E920002-98A9-487F-B402-1468DDE3777C}.Release|Mixed Platforms.Build.0 = Release|x86
		{2E920002-98A9-487F-B402-1468DDE3777C}.Release|Win32.ActiveCfg = Release|x86
		{2E920002-98A9-487F-B402-1468DDE3777C}.Release|x86.ActiveCfg = Release|x86
		{2E920002-98A9-487F-B402-1468DDE3777C}.Release|x86.Build.0 = Release|x86
		{371A34C7-2616-41DF-9C49-0D5EBEC80FD8}.Debug|Any CPU.ActiveCfg = Debug|x86
		{371A34C7-2616-41DF-9C49-0D5EBEC80FD8}.Debug|Mixed Platforms.ActiveCfg = Debug|x86
		{371A34C7-2616-41DF-9C49-0D5EBEC80FD8}.Debug|Mixed Platforms.Build.0 = Debug|x86
		{371A34C7-2616-41DF-9C49-0D5EBEC80FD8}.Debug|Win32.ActiveCfg = Debug|x86
		{371A34C7-2616-41DF-9C49-0D5EBEC80FD8}.Debug|x86.ActiveCfg = Debug|x86
		{371A34C7-2616-41DF-9C49-0D5EBEC80FD8}.Debug|x86.Build.0 = Debug|x86
		{371A34C7-2616-41DF-9C49-0D5EBEC80FD8}.Release|Any CPU.ActiveCfg = Release|x86
		{371A34C7-2616-41DF-9C49-0D5EBEC80FD8}.Release|Mixed Platforms.ActiveCfg = Release|x86
		{371A34C7-2616-41DF-9C49-0D5EBEC80FD8}.Release|Mixed Platforms.Build.0 = Release|x86
		{371A34C7-2616-41DF-9C49-0D5EBEC80FD8}.Release|Win32.ActiveCfg = Release|x86
		{371A34C7-2616-41DF-9C49-0D5EBEC80FD8}.Release|x86.ActiveCfg = Release|x86
		{371A34C7-2616-41DF-9C49-0D5EBEC80FD8}.Release|x86.Build.0 = Release|x86
		{AF34275C-CD51-424B-B4D8-282D944DA168}.Debug|Any CPU.ActiveCfg = Debug|Win32
		{AF34275C-CD51-424B-B4D8-282D944DA168}.Debug|Mixed Platforms.ActiveCfg = Debug|Win32
		{AF34275C-CD51-424B-B4D8-282D944DA168}.Debug|Mixed Platforms.Build.0 = Debug|Win32
		{AF34275C-CD51-424B-B4D8-282D944DA168}.Debug|Win32.ActiveCfg = Debug|Win32
		{AF34275C-CD51-424B-B4D8-282D944DA168}.Debug|Win32.Build.0 = Debug|Win32
		{AF34275C-CD51-424B-B4D8-282D944DA168}.Debug|x86.ActiveCfg = Debug|Win32
		{AF34275C-CD51-424B-B4D8-282D944DA168}.Release|Any CPU.ActiveCfg = Release|Win32
		{AF34275C-CD51-424B-B4D8-282D944DA168}.Release|Mixed Platforms.ActiveCfg = Release|Win32
		{AF34275C-CD51-424B-B4D8-282D944DA168}.Release|Mixed Platforms.Build.0 = Release|Win32
		{AF34275C-CD51-424B-B4D8-282D944DA168}.Release|Win32.ActiveCfg = Release|Win32
		{AF34275C-CD51-424B-B4D8-282D944DA168}.Release|Win32.Build.0 = Release|Win32
		{AF34275C-CD51-424B-B4D8-282D944DA168}.Release|x86.ActiveCfg = Release|Win32
		{C9E102CC-0C2C-4FAA-8C78-569AAE2B8CAC}.Debug|Any CPU.ActiveCfg = Debug|Win32
		{C9E102CC-0C2C-4FAA-8C78-569AAE2B8CAC}.Debug|Mixed Platforms.ActiveCfg = Debug|Win32
		{C9E102CC-0C2C-4FAA-8C78-569AAE2B8CAC}.Debug|Mixed Platforms.Build.0 = Debug|Win32
		{C9E102CC-0C2C-4FAA-8C78-569AAE2B8CAC}.Debug|Win32.ActiveCfg = Debug|Win32
		{C9E102CC-0C2C-4FAA-8C78-569AAE2B8CAC}.Debug|Win32.Build.0 = Debug|Win32
		{C9E102CC-0C2C-4FAA-8C78-569AAE2B8CAC}.Debug|x86.ActiveCfg = Debug|Win32
		{C9E102CC-0C2C-4FAA-8C78-569AAE2B8CAC}.Release|Any CPU.ActiveCfg = Release|Win32
		{C9E102CC-0C2C-4FAA-8C78-569AAE2B8CAC}.Release|Mixed Platforms.ActiveCfg = Release|Win32
		{C9E102CC-0C2C-4FAA-8C78-569AAE2B8CAC}.Release|Mixed Platforms.Build.0 = Release|Win32
		{C9E102CC-0C2C-4FAA-8C78-569AAE2B8CAC}.Release|Win32.ActiveCfg = Release|Win32
		{C9E102CC-0C2C-4FAA-8C78-569AAE2B8CAC}.Release|Win32.Build.0 = Release|Win32
		{C9E102CC-0C2C-4FAA-8C78-569AAE2B8CAC}.Release|x86.ActiveCfg = Release|Win32
		{D1A85069-A60F-4A74-9C2C-0117D952E66F}.Debug|Any CPU.ActiveCfg = Debug|x86
		{D1A85069-A60F-4A74-9C2C-0117D952E66F}.Debug|Mixed Platforms.ActiveCfg = Debug|x86
		{D1A85069-A60F-4A74-9C2C-0117D952E66F}.Debug|Mixed Platforms.Build.0 = Debug|x86
		{D1A85069-A60F-4A74-9C2C-0117D952E66F}.Debug|Win32.ActiveCfg = Debug|x86
		{D1A85069-A60F-4A74-9C2C-0117D952E66F}.Debug|x86.ActiveCfg = Debug|x86
		{D1A85069-A60F-4A74-9C2C-0117D952E66F}.Debug|x86.Build.0 = Debug|x86
		{D1A85069-A60F-4A74-9C2C-0117D952E66F}.Release|Any CPU.ActiveCfg = Release|x86
		{D1A85069-A60F-4A74-9C2C-0117D952E66F}.Release|Mixed Platforms.ActiveCfg = Release|x86
		{D1A85069-A60F-4A74-9C2C-0117D952E66F}.Release|Mixed Platforms.Build.0 = Release|x86
		{D1A85069-A60F-4A74-9C2C-0117D952E66F}.Release|Win32.ActiveCfg = Release|x86
		{D1A85069-A60F-4A74-9C2C-0117D952E66F}.Release|x86.ActiveCfg = Release|x86
		{D1A85069-A60F-4A74-9C2C-0117D952E66F}.Release|x86.Build.0 = Release|x86
		{B8FC39FB-D6E0-4DF3-AE37-2250ED28AE4B}.Debug|Any CPU.ActiveCfg = Debug|x86
		{B8FC39FB-D6E0-4DF3-AE37-2250ED28AE4B}.Debug|Mixed Platforms.ActiveCfg = Debug|x86
		{B8FC39FB-D6E0-4DF3-AE37-2250ED28AE4B}.Debug|Mixed Platforms.Build.0 = Debug|x86
		{B8FC39FB-D6E0-4DF3-AE37-2250ED28AE4B}.Debug|Win32.ActiveCfg = Debug|x86
		{B8FC39FB-D6E0-4DF3-AE37-2250ED28AE4B}.Debug|x86.ActiveCfg = Debug|x86
		{B8FC39FB-D6E0-4DF3-AE37-2250ED28AE4B}.Debug|x86.Build.0 = Debug|x86
		{B8FC39FB-D6E0-4DF3-AE37-2250ED28AE4B}.Release|Any CPU.ActiveCfg = Release|x86
		{B8FC39FB-D6E0-4DF3-AE37-2250ED28AE4B}.Release|Mixed Platforms.ActiveCfg = Release|x86
		{B8FC39FB-D6E0-4DF3-AE37-2250ED28AE4B}.Release|Mixed Platforms.Build.0 = Release|x86
		{B8FC39FB-D6E0-4DF3-AE37-2250ED28AE4B}.Release|Win32.ActiveCfg = Release|x86
		{B8FC39FB-D6E0-4DF3-AE37-2250ED28AE4B}.Release|x86.ActiveCfg = Release|x86
		{B8FC39FB-D6E0-4DF3-AE37-2250ED28AE4B}.Release|x86.Build.0 = Release|x86
		{3CBF6137-CB4D-489E-A469-05A8E98D9593}.Debug|Any CPU.ActiveCfg = Debug|x86
		{3CBF6137-CB4D-489E-A469-05A8E98D9593}.Debug|Mixed Platforms.ActiveCfg = Debug|x86
		{3CBF6137-CB4D-489E-A469-05A8E98D9593}.Debug|Mixed Platforms.Build.0 = Debug|x86
		{3CBF6137-CB4D-489E-A469-05A8E98D9593}.Debug|Win32.ActiveCfg = Debug|x86
		{3CBF6137-CB4D-489E-A469-05A8E98D9593}.Debug|x86.ActiveCfg = Debug|x86
		{3CBF6137-CB4D-489E-A469-05A8E98D9593}.Debug|x86.Build.0 = Debug|x86
		{3CBF6137-CB4D-489E-A469-05A8E98D9593}.Release|Any CPU.ActiveCfg = Release|x86
		{3CBF6137-CB4D-489E-A469-05A8E98D9593}.Release|Mixed Platforms.ActiveCfg = Release|x86
		{3CBF6137-CB4D-489E-A469-05A8E98D9593}.Release|Mixed Platforms.Build.0 = Release|x86
		{3CBF6137-CB4D-489E-A469-05A8E98D9593}.Release|Win32.ActiveCfg = Release|x86
		{3CBF6137-CB4D-489E-A469-05A8E98D9593}.Release|x86.ActiveCfg = Release|x86
		{3CBF6137-CB4D-489E-A469-05A8E98D9593}.Release|x86.Build.0 = Release|x86
		{58512B24-4613-4629-A8C0-1A6282377F30}.Debug|Any CPU.ActiveCfg = Debug|Win32
		{58512B24-4613-4629-A8C0-1A6282377F30}.Debug|Mixed Platforms.ActiveCfg = Debug|Win32
		{58512B24-4613-4629-A8C0-1A6282377F30}.Debug|Mixed Platforms.Build.0 = Debug|Win32
		{58512B24-4613-4629-A8C0-1A6282377F30}.Debug|Win32.ActiveCfg = Debug|Win32
		{58512B24-4613-4629-A8C0-1A6282377F30}.Debug|Win32.Build.0 = Debug|Win32
		{58512B24-4613-4629-A8C0-1A6282377F30}.Debug|x86.ActiveCfg = Debug|Win32
		{58512B24-4613-4629-A8C0-1A6282377F30}.Release|Any CPU.ActiveCfg = Release|Win32
		{58512B24-4613-4629-A8C0-1A6282377F30}.Release|Mixed Platforms.ActiveCfg = Release|Win32
		{58512B24-4613-4629-A8C0-1A6282377F30}.Release|Mixed Platforms.Build.0 = Release|Win32
		{58512B24-4613-4629-A8C0-1A6282377F30}.Release|Win32.ActiveCfg = Release|Win32
		{58512B24-4613-4629-A8C0-1A6282377F30}.Release|Win32.Build.0 = Release|Win32
		{58512B24-4613-4629-A8C0-1A6282377F30}.Release|x86.ActiveCfg = Release|Win32
		{50795A39-762A-4A05-9B50-56063774DFC1}.Debug|Any CPU.ActiveCfg = Debug|x86
		{50795A39-762A-4A05-9B50-56063774DFC1}.Debug|Mixed Platforms.ActiveCfg = Debug|x86
		{50795A39-762A-4A05-9B50-56063774DFC1}.Debug|Mixed Platforms.Build.0 = Debug|x86
		{50795A39-762A-4A05-9B50-56063774DFC1}.Debug|Win32.ActiveCfg = Debug|x86
		{50795A39-762A-4A05-9B50-56063774DFC1}.Debug|x86.ActiveCfg = Debug|x86
		{50795A39-762A-4A05-9B50-56063774DFC1}.Debug|x86.Build.0 = Debug|x86
		{50795A39-762A-4A05-9B50-56063774DFC1}.Release|Any CPU.ActiveCfg = Release|x86
		{50795A39-762A-4A05-9B50-56063774DFC1}.Release|Mixed Platforms.ActiveCfg = Release|x86
		{50795A39-762A-4A05-9B50-56063774DFC1}.Release|Mixed Platforms.Build.0 = Release|x86
		{50795A39-762A-4A05-9B50-56063774DFC1}.Release|Win32.ActiveCfg = Release|x86
		{50795A39-762A-4A05-9B50-56063774DFC1}.Release|x86.ActiveCfg = Release|x86
		{50795A39-762A-4A05-9B50-56063774DFC1}.Release|x86.Build.0 = Release|x86
		{E03A18B6-6287-4B7B-8184-35D8A323024C}.Debug|Any CPU.ActiveCfg = Debug|x86
		{E03A18B6-6287-4B7B-8184-35D8A323024C}.Debug|Mixed Platforms.ActiveCfg = Debug|x86
		{E03A18B6-6287-4B7B-8184-35D8A323024C}.Debug|Mixed Platforms.Build.0 = Debug|x86
		{E03A18B6-6287-4B7B-8184-35D8A323024C}.Debug|Win32.ActiveCfg = Debug|x86
		{E03A18B6-6287-4B7B-8184-35D8A323024C}.Debug|x86.ActiveCfg = Debug|x86
		{E03A18B6-6287-4B7B-8184-35D8A323024C}.Debug|x86.Build.0 = Debug|x86
		{E03A18B6-6287-4B7B-8184-35D8A323024C}.Release|Any CPU.ActiveCfg = Release|x86
		{E03A18B6-6287-4B7B-8184-35D8A323024C}.Release|Mixed Platforms.ActiveCfg = Release|x86
		{E03A18B6-6287-4B7B-8184-35D8A323024C}.Release|Mixed Platforms.Build.0 = Release|x86
		{E03A18B6-6287-4B7B-8184-35D8A323024C}.Release|Win32.ActiveCfg = Release|x86
		{E03A18B6-6287-4B7B-8184-35D8A323024C}.Release|x86.ActiveCfg = Release|x86
		{E03A18B6-6287-4B7B-8184-35D8A323024C}.Release|x86.Build.0 = Release|x86
		{7CED090B-AE87-48CB-AB7C-3CC014ED1262}.Debug|Any CPU.ActiveCfg = Debug|x86
		{7CED090B-AE87-48CB-AB7C-3CC014ED1262}.Debug|Mixed Platforms.ActiveCfg = Debug|x86
		{7CED090B-AE87-48CB-AB7C-3CC014ED1262}.Debug|Mixed Platforms.Build.0 = Debug|x86
		{7CED090B-AE87-48CB-AB7C-3CC014ED1262}.Debug|Win32.ActiveCfg = Debug|x86
		{7CED090B-AE87-48CB-AB7C-3CC014ED1262}.Debug|x86.ActiveCfg = Debug|x86
		{7CED090B-AE87-48CB-AB7C-3CC014ED1262}.Debug|x86.Build.0 = Debug|x86
		{7CED090B-AE87-48CB-AB7C-3CC014ED1262}.Release|Any CPU.ActiveCfg = Release|x86
		{7CED090B-AE87-48CB-AB7C-3CC014ED1262}.Release|Mixed Platforms.ActiveCfg = Release|x86
		{7CED090B-AE87-48CB-AB7C-3CC014ED1262}.Release|Mixed Platforms.Build.0 = Release|x86
		{7CED090B-AE87-48CB-AB7C-3CC014ED1262}.Release|Win32.ActiveCfg = Release|x86
		{7CED090B-AE87-48CB-AB7C-3CC014ED1262}.Release|x86.ActiveCfg = Release|x86
		{7CED090B-AE87-48CB-AB7C-3CC014ED1262}.Release|x86.Build.0 = Release|x86
		{5D224A18-90BC-477A-B67B-38BEC06A9182}.Debug|Any CPU.ActiveCfg = Debug|Win32
		{5D224A18-90BC-477A-B67B-38BEC06A9182}.Debug|Mixed Platforms.ActiveCfg = Debug|Win32
		{5D224A18-90BC-477A-B67B-38BEC06A9182}.Debug|Mixed Platforms.Build.0 = Debug|Win32
		{5D224A18-90BC-477A-B67B-38BEC06A9182}.Debug|Win32.ActiveCfg = Debug|Win32
		{5D224A18-90BC-477A-B67B-38BEC06A9182}.Debug|Win32.Build.0 = Debug|Win32
		{5D224A18-90BC-477A-B67B-38BEC06A9182}.Debug|x86.ActiveCfg = Debug|Win32
		{5D224A18-90BC-477A-B67B-38BEC06A9182}.Release|Any CPU.ActiveCfg = Release|Win32
		{5D224A18-90BC-477A-B67B-38BEC06A9182}.Release|Mixed Platforms.ActiveCfg = Release|Win32
		{5D224A18-90BC-477A-B67B-38BEC06A9182}.Release|Mixed Platforms.Build.0 = Release|Win32
		{5D224A18-90BC-477A-B67B-38BEC06A9182}.Release|Win32.ActiveCfg = Release|Win32
		{5D224A18-90BC-477A-B67B-38BEC06A9182}.Release|Win32.Build.0 = Release|Win32
		{5D224A18-90BC-477A-B67B-38BEC06A9182}.Release|x86.ActiveCfg = Release|Win32
		{23CFE1E3-777A-436E-9EA9-F4C1CC39C9A3}.Debug|Any CPU.ActiveCfg = Debug|x86
		{23CFE1E3-777A-436E-9EA9-F4C1CC39C9A3}.Debug|Mixed Platforms.ActiveCfg = Debug|x86
		{23CFE1E3-777A-436E-9EA9-F4C1CC39C9A3}.Debug|Mixed Platforms.Build.0 = Debug|x86
		{23CFE1E3-777A-436E-9EA9-F4C1CC39C9A3}.Debug|Win32.ActiveCfg = Debug|x86
		{23CFE1E3-777A-436E-9EA9-F4C1CC39C9A3}.Debug|x86.ActiveCfg = Debug|x86
		{23CFE1E3-777A-436E-9EA9-F4C1CC39C9A3}.Debug|x86.Build.0 = Debug|x86
		{23CFE1E3-777A-436E-9EA9-F4C1CC39C9A3}.Release|Any CPU.ActiveCfg = Release|x86
		{23CFE1E3-777A-436E-9EA9-F4C1CC39C9A3}.Release|Mixed Platforms.ActiveCfg = Release|x86
		{23CFE1E3-777A-436E-9EA9-F4C1CC39C9A3}.Release|Mixed Platforms.Build.0 = Release|x86
		{23CFE1E3-777A-436E-9EA9-F4C1CC39C9A3}.Release|Win32.ActiveCfg = Release|x86
		{23CFE1E3-777A-436E-9EA9-F4C1CC39C9A3}.Release|x86.ActiveCfg = Release|x86
		{23CFE1E3-777A-436E-9EA9-F4C1CC39C9A3}.Release|x86.Build.0 = Release|x86
		{F76220C4-8C9E-4531-8B9A-9305070C91D8}.Debug|Any CPU.ActiveCfg = Debug|Win32
		{F76220C4-8C9E-4531-8B9A-9305070C91D8}.Debug|Mixed Platforms.ActiveCfg = Debug|Win32
		{F76220C4-8C9E-4531-8B9A-9305070C91D8}.Debug|Mixed Platforms.Build.0 = Debug|Win32
		{F76220C4-8C9E-4531-8B9A-9305070C91D8}.Debug|Win32.ActiveCfg = Debug|Win32
		{F76220C4-8C9E-4531-8B9A-9305070C91D8}.Debug|Win32.Build.0 = Debug|Win32
		{F76220C4-8C9E-4531-8B9A-9305070C91D8}.Debug|x86.ActiveCfg = Debug|Win32
		{F76220C4-8C9E-4531-8B9A-9305070C91D8}.Release|Any CPU.ActiveCfg = Release|Win32
		{F76220C4-8C9E-4531-8B9A-9305070C91D8}.Release|Mixed Platforms.ActiveCfg = Release|Win32
		{F76220C4-8C9E-4531-8B9A-9305070C91D8}.Release|Mixed Platforms.Build.0 = Release|Win32
		{F76220C4-8C9E-4531-8B9A-9305070C91D8}.Release|Win32.ActiveCfg = Release|Win32
		{F76220C4-8C9E-4531-8B9A-9305070C91D8}.Release|Win32.Build.0 = Release|Win32
		{F76220C4-8C9E-4531-8B9A-9305070C91D8}.Release|x86.ActiveCfg = Release|Win32
		{0EC05FD6-E198-4141-9325-641A059C7740}.Debug|Any CPU.ActiveCfg = Debug|Win32
		{0EC05FD6-E198-4141-9325-641A059C7740}.Debug|Mixed Platforms.ActiveCfg = Debug|Win32
		{0EC05FD6-E198-4141-9325-641A059C7740}.Debug|Mixed Platforms.Build.0 = Debug|Win32
		{0EC05FD6-E198-4141-9325-641A059C7740}.Debug|Win32.ActiveCfg = Debug|Win32
		{0EC05FD6-E198-4141-9325-641A059C7740}.Debug|Win32.Build.0 = Debug|Win32
		{0EC05FD6-E198-4141-9325-641A059C7740}.Debug|x86.ActiveCfg = Debug|Win32
		{0EC05FD6-E198-4141-9325-641A059C7740}.Release|Any CPU.ActiveCfg = Release|Win32
		{0EC05FD6-E198-4141-9325-641A059C7740}.Release|Mixed Platforms.ActiveCfg = Release|Win32
		{0EC05FD6-E198-4141-9325-641A059C7740}.Release|Mixed Platforms.Build.0 = Release|Win32
		{0EC05FD6-E198-4141-9325-641A059C7740}.Release|Win32.ActiveCfg = Release|Win32
		{0EC05FD6-E198-4141-9325-641A059C7740}.Release|Win32.Build.0 = Release|Win32
		{0EC05FD6-E198-4141-9325-641A059C7740}.Release|x86.ActiveCfg = Release|Win32
		{A3249EEA-270D-4AA0-8395-80E7A863CCEE}.Debug|Any CPU.ActiveCfg = Debug|Win32
		{A3249EEA-270D-4AA0-8395-80E7A863CCEE}.Debug|Mixed Platforms.ActiveCfg = Debug|Win32
		{A3249EEA-270D-4AA0-8395-80E7A863CCEE}.Debug|Mixed Platforms.Build.0 = Debug|Win32
		{A3249EEA-270D-4AA0-8395-80E7A863CCEE}.Debug|Win32.ActiveCfg = Debug|Win32
		{A3249EEA-270D-4AA0-8395-80E7A863CCEE}.Debug|Win32.Build.0 = Debug|Win32
		{A3249EEA-270D-4AA0-8395-80E7A863CCEE}.Debug|x86.ActiveCfg = Debug|Win32
		{A3249EEA-270D-4AA0-8395-80E7A863CCEE}.Release|Any CPU.ActiveCfg = Release|Win32
		{A3249EEA-270D-4AA0-8395-80E7A863CCEE}.Release|Mixed Platforms.ActiveCfg = Release|Win32
		{A3249EEA-270D-4AA0-8395-80E7A863CCEE}.Release|Mixed Platforms.Build.0 = Release|Win32
		{A3249EEA-270D-4AA0-8395-80E7A863CCEE}.Release|Win32.ActiveCfg = Release|Win32
		{A3249EEA-270D-4AA0-8395-80E7A863CCEE}.Release|Win32.Build.0 = Release|Win32
		{A3249EEA-270D-4AA0-8395-80E7A863CCEE}.Release|x86.ActiveCfg = Release|Win32
		{A59A3D2A-A51D-4E41-B8E4-743CE0C76FDA}.Debug|Any CPU.ActiveCfg = Debug|x86
		{A59A3D2A-A51D-4E41-B8E4-743CE0C76FDA}.Debug|Mixed Platforms.ActiveCfg = Debug|x86
		{A59A3D2A-A51D-4E41-B8E4-743CE0C76FDA}.Debug|Mixed Platforms.Build.0 = Debug|x86
		{A59A3D2A-A51D-4E41-B8E4-743CE0C76FDA}.Debug|Win32.ActiveCfg = Debug|x86
		{A59A3D2A-A51D-4E41-B8E4-743CE0C76FDA}.Debug|x86.ActiveCfg = Debug|x86
		{A59A3D2A-A51D-4E41-B8E4-743CE0C76FDA}.Debug|x86.Build.0 = Debug|x86
		{A59A3D2A-A51D-4E41-B8E4-743CE0C76FDA}.Release|Any CPU.ActiveCfg = Release|x86
		{A59A3D2A-A51D-4E41-B8E4-743CE0C76FDA}.Release|Mixed Platforms.ActiveCfg = Release|x86
		{A59A3D2A-A51D-4E41-B8E4-743CE0C76FDA}.Release|Mixed Platforms.Build.0 = Release|x86
		{A59A3D2A-A51D-4E41-B8E4-743CE0C76FDA}.Release|Win32.ActiveCfg = Release|x86
		{A59A3D2A-A51D-4E41-B8E4-743CE0C76FDA}.Release|x86.ActiveCfg = Release|x86
		{A59A3D2A-A51D-4E41-B8E4-743CE0C76FDA}.Release|x86.Build.0 = Release|x86
		{C828CE94-83A2-458F-8E6E-B1D7470ABAE2}.Debug|Any CPU.ActiveCfg = Debug|x86
		{C828CE94-83A2-458F-8E6E-B1D7470ABAE2}.Debug|Mixed Platforms.ActiveCfg = Debug|x86
		{C828CE94-83A2-458F-8E6E-B1D7470ABAE2}.Debug|Mixed Platforms.Build.0 = Debug|x86
		{C828CE94-83A2-458F-8E6E-B1D7470ABAE2}.Debug|Win32.ActiveCfg = Debug|x86
		{C828CE94-83A2-458F-8E6E-B1D7470ABAE2}.Debug|x86.ActiveCfg = Debug|x86
		{C828CE94-83A2-458F-8E6E-B1D7470ABAE2}.Debug|x86.Build.0 = Debug|x86
		{C828CE94-83A2-458F-8E6E-B1D7470ABAE2}.Release|Any CPU.ActiveCfg = Release|x86
		{C828CE94-83A2-458F-8E6E-B1D7470ABAE2}.Release|Mixed Platforms.ActiveCfg = Release|x86
		{C828CE94-83A2-458F-8E6E-B1D7470ABAE2}.Release|Mixed Platforms.Build.0 = Release|x86
		{C828CE94-83A2-458F-8E6E-B1D7470ABAE2}.Release|Win32.ActiveCfg = Release|x86
		{C828CE94-83A2-458F-8E6E-B1D7470ABAE2}.Release|x86.ActiveCfg = Release|x86
		{C828CE94-83A2-458F-8E6E-B1D7470ABAE2}.Release|x86.Build.0 = Release|x86
		{8C3C53D9-9925-4718-AA81-AD9D84EF4B07}.Debug|Any CPU.ActiveCfg = Debug|Win32
		{8C3C53D9-9925-4718-AA81-AD9D84EF4B07}.Debug|Mixed Platforms.ActiveCfg = Debug|Win32
		{8C3C53D9-9925-4718-AA81-AD9D84EF4B07}.Debug|Mixed Platforms.Build.0 = Debug|Win32
		{8C3C53D9-9925-4718-AA81-AD9D84EF4B07}.Debug|Win32.ActiveCfg = Debug|Win32
		{8C3C53D9-9925-4718-AA81-AD9D84EF4B07}.Debug|Win32.Build.0 = Debug|Win32
		{8C3C53D9-9925-4718-AA81-AD9D84EF4B07}.Debug|x86.ActiveCfg = Debug|Win32
		{8C3C53D9-9925-4718-AA81-AD9D84EF4B07}.Release|Any CPU.ActiveCfg = Release|Win32
		{8C3C53D9-9925-4718-AA81-AD9D84EF4B07}.Release|Mixed Platforms.ActiveCfg = Release|Win32
		{8C3C53D9-9925-4718-AA81-AD9D84EF4B07}.Release|Mixed Platforms.Build.0 = Release|Win32
		{8C3C53D9-9925-4718-AA81-AD9D84EF4B07}.Release|Win32.ActiveCfg = Release|Win32
		{8C3C53D9-9925-4718-AA81-AD9D84EF4B07}.Release|Win32.Build.0 = Release|Win32
		{8C3C53D9-9925-4718-AA81-AD9D84EF4B07}.Release|x86.ActiveCfg = Release|Win32
		{383CDB56-A052-4EB7-8864-3D73BB2F7FF8}.Debug|Any CPU.ActiveCfg = Debug|Any CPU
		{383CDB56-A052-4EB7-8864-3D73BB2F7FF8}.Debug|Any CPU.Build.0 = Debug|Any CPU
		{383CDB56-A052-4EB7-8864-3D73BB2F7FF8}.Debug|Mixed Platforms.ActiveCfg = Debug|Any CPU
		{383CDB56-A052-4EB7-8864-3D73BB2F7FF8}.Debug|Mixed Platforms.Build.0 = Debug|Any CPU
		{383CDB56-A052-4EB7-8864-3D73BB2F7FF8}.Debug|Win32.ActiveCfg = Debug|Any CPU
		{383CDB56-A052-4EB7-8864-3D73BB2F7FF8}.Debug|x86.ActiveCfg = Debug|Any CPU
		{383CDB56-A052-4EB7-8864-3D73BB2F7FF8}.Release|Any CPU.ActiveCfg = Release|Any CPU
		{383CDB56-A052-4EB7-8864-3D73BB2F7FF8}.Release|Any CPU.Build.0 = Release|Any CPU
		{383CDB56-A052-4EB7-8864-3D73BB2F7FF8}.Release|Mixed Platforms.ActiveCfg = Release|Any CPU
		{383CDB56-A052-4EB7-8864-3D73BB2F7FF8}.Release|Mixed Platforms.Build.0 = Release|Any CPU
		{383CDB56-A052-4EB7-8864-3D73BB2F7FF8}.Release|Win32.ActiveCfg = Release|Any CPU
		{383CDB56-A052-4EB7-8864-3D73BB2F7FF8}.Release|x86.ActiveCfg = Release|Any CPU
	EndGlobalSection
	GlobalSection(SolutionProperties) = preSolution
		HideSolutionNode = FALSE
	EndGlobalSection
EndGlobal
