
Microsoft Visual Studio Solution File, Format Version 9.00
# Visual Studio 2005
Project("{FAE04EC0-301F-11D3-BF4B-00C04F79EFBC}") = "delegateThreading", "multiThread1\delegateThreading.csproj", "{B9354745-48E0-4476-9B6A-2B093893573E}"
EndProject
Project("{FAE04EC0-301F-11D3-BF4B-00C04F79EFBC}") = "fullThreading", "fullThreading\fullThreading.csproj", "{BC140170-4CEC-458C-9AFC-E3DB808607AD}"
EndProject
Project("{FAE04EC0-301F-11D3-BF4B-00C04F79EFBC}") = "fullThreadingParameterized", "fullThreadingParameterized\fullThreadingParameterized.csproj", "{66DB3042-5A05-401C-9E0C-23317B854865}"
EndProject
Global
	GlobalSection(SolutionConfigurationPlatforms) = preSolution
		Debug|Any CPU = Debug|Any CPU
		Release|Any CPU = Release|Any CPU
	EndGlobalSection
	GlobalSection(ProjectConfigurationPlatforms) = postSolution
		{B9354745-48E0-4476-9B6A-2B093893573E}.Debug|Any CPU.ActiveCfg = Debug|Any CPU
		{B9354745-48E0-4476-9B6A-2B093893573E}.Debug|Any CPU.Build.0 = Debug|Any CPU
		{B9354745-48E0-4476-9B6A-2B093893573E}.Release|Any CPU.ActiveCfg = Release|Any CPU
		{B9354745-48E0-4476-9B6A-2B093893573E}.Release|Any CPU.Build.0 = Release|Any CPU
		{BC140170-4CEC-458C-9AFC-E3DB808607AD}.Debug|Any CPU.ActiveCfg = Debug|Any CPU
		{BC140170-4CEC-458C-9AFC-E3DB808607AD}.Debug|Any CPU.Build.0 = Debug|Any CPU
		{BC140170-4CEC-458C-9AFC-E3DB808607AD}.Release|Any CPU.ActiveCfg = Release|Any CPU
		{BC140170-4CEC-458C-9AFC-E3DB808607AD}.Release|Any CPU.Build.0 = Release|Any CPU
		{66DB3042-5A05-401C-9E0C-23317B854865}.Debug|Any CPU.ActiveCfg = Debug|Any CPU
		{66DB3042-5A05-401C-9E0C-23317B854865}.Debug|Any CPU.Build.0 = Debug|Any CPU
		{66DB3042-5A05-401C-9E0C-23317B854865}.Release|Any CPU.ActiveCfg = Release|Any CPU
		{66DB3042-5A05-401C-9E0C-23317B854865}.Release|Any CPU.Build.0 = Release|Any CPU
	EndGlobalSection
	GlobalSection(SolutionProperties) = preSolution
		HideSolutionNode = FALSE
	EndGlobalSection
EndGlobal
