Microsoft Visual Studio Solution File, Format Version 8.00
Project("{8BC9CEB8-8B4A-11D0-8D11-00A0C91BC942}") = "FileSystem", "FileSystem.vcproj", "{240F924F-F1D0-4454-B74E-CB3FCAF2FBCB}"
	ProjectSection(ProjectDependencies) = postProject
	EndProjectSection
EndProject
Global
	GlobalSection(SolutionConfiguration) = preSolution
		Debug = Debug
		Release = Release
	EndGlobalSection
	GlobalSection(ProjectConfiguration) = postSolution
		{240F924F-F1D0-4454-B74E-CB3FCAF2FBCB}.Debug.ActiveCfg = Debug|Win32
		{240F924F-F1D0-4454-B74E-CB3FCAF2FBCB}.Debug.Build.0 = Debug|Win32
		{240F924F-F1D0-4454-B74E-CB3FCAF2FBCB}.Release.ActiveCfg = Release|Win32
		{240F924F-F1D0-4454-B74E-CB3FCAF2FBCB}.Release.Build.0 = Release|Win32
	EndGlobalSection
	GlobalSection(ExtensibilityGlobals) = postSolution
	EndGlobalSection
	GlobalSection(ExtensibilityAddIns) = postSolution
	EndGlobalSection
EndGlobal
