
Microsoft Visual Studio Solution File, Format Version 9.00
# Visual Studio 2005
Project("{8BC9CEB8-8B4A-11D0-8D11-00A0C91BC942}") = "binary_tree", "binary_tree\binary_tree.vcproj", "{E259CFB3-AEDC-480B-815A-5652E1AFD89A}"
EndProject
Global
	GlobalSection(SolutionConfigurationPlatforms) = preSolution
		Debug|Win32 = Debug|Win32
		Release|Win32 = Release|Win32
	EndGlobalSection
	GlobalSection(ProjectConfigurationPlatforms) = postSolution
		{E259CFB3-AEDC-480B-815A-5652E1AFD89A}.Debug|Win32.ActiveCfg = Debug|Win32
		{E259CFB3-AEDC-480B-815A-5652E1AFD89A}.Debug|Win32.Build.0 = Debug|Win32
		{E259CFB3-AEDC-480B-815A-5652E1AFD89A}.Release|Win32.ActiveCfg = Release|Win32
		{E259CFB3-AEDC-480B-815A-5652E1AFD89A}.Release|Win32.Build.0 = Release|Win32
	EndGlobalSection
	GlobalSection(SolutionProperties) = preSolution
		HideSolutionNode = FALSE
	EndGlobalSection
EndGlobal
