
Microsoft Visual Studio Solution File, Format Version 9.00
# Visual Studio 2005
Project("{FAE04EC0-301F-11D3-BF4B-00C04F79EFBC}") = "simpleAccessTestDLL", "simpleAccessTest\simpleAccessTestDLL.csproj", "{DA4BBF79-5727-44F5-9B1E-6A7649DE9DF8}"
EndProject
Project("{FAE04EC0-301F-11D3-BF4B-00C04F79EFBC}") = "SimpleAccessProg", "SimpleAccessProg\SimpleAccessProg.csproj", "{514AD786-7B9F-4411-B574-2EBB66BB8381}"
EndProject
Global
	GlobalSection(SolutionConfigurationPlatforms) = preSolution
		Debug|Any CPU = Debug|Any CPU
		Release|Any CPU = Release|Any CPU
	EndGlobalSection
	GlobalSection(ProjectConfigurationPlatforms) = postSolution
		{DA4BBF79-5727-44F5-9B1E-6A7649DE9DF8}.Debug|Any CPU.ActiveCfg = Debug|Any CPU
		{DA4BBF79-5727-44F5-9B1E-6A7649DE9DF8}.Debug|Any CPU.Build.0 = Debug|Any CPU
		{DA4BBF79-5727-44F5-9B1E-6A7649DE9DF8}.Release|Any CPU.ActiveCfg = Release|Any CPU
		{DA4BBF79-5727-44F5-9B1E-6A7649DE9DF8}.Release|Any CPU.Build.0 = Release|Any CPU
		{514AD786-7B9F-4411-B574-2EBB66BB8381}.Debug|Any CPU.ActiveCfg = Debug|Any CPU
		{514AD786-7B9F-4411-B574-2EBB66BB8381}.Debug|Any CPU.Build.0 = Debug|Any CPU
		{514AD786-7B9F-4411-B574-2EBB66BB8381}.Release|Any CPU.ActiveCfg = Release|Any CPU
		{514AD786-7B9F-4411-B574-2EBB66BB8381}.Release|Any CPU.Build.0 = Release|Any CPU
	EndGlobalSection
	GlobalSection(SolutionProperties) = preSolution
		HideSolutionNode = FALSE
	EndGlobalSection
EndGlobal
