
Microsoft Visual Studio Solution File, Format Version 10.00
# Visual Studio 2008
Project("{FAE04EC0-301F-11D3-BF4B-00C04F79EFBC}") = "BinarySerializationTests", "BinarySerializationTests.csproj", "{4B824AF1-4AD7-4B91-9D16-015F5FC3CEEF}"
EndProject
Global
	GlobalSection(SolutionConfigurationPlatforms) = preSolution
		Debug|Any CPU = Debug|Any CPU
		Release|Any CPU = Release|Any CPU
	EndGlobalSection
	GlobalSection(ProjectConfigurationPlatforms) = postSolution
		{4B824AF1-4AD7-4B91-9D16-015F5FC3CEEF}.Debug|Any CPU.ActiveCfg = Debug|Any CPU
		{4B824AF1-4AD7-4B91-9D16-015F5FC3CEEF}.Debug|Any CPU.Build.0 = Debug|Any CPU
		{4B824AF1-4AD7-4B91-9D16-015F5FC3CEEF}.Release|Any CPU.ActiveCfg = Release|Any CPU
		{4B824AF1-4AD7-4B91-9D16-015F5FC3CEEF}.Release|Any CPU.Build.0 = Release|Any CPU
	EndGlobalSection
	GlobalSection(SolutionProperties) = preSolution
		HideSolutionNode = FALSE
	EndGlobalSection
EndGlobal
