
Microsoft Visual Studio Solution File, Format Version 9.00
# Visual Studio 2005
Project("{FAE04EC0-301F-11D3-BF4B-00C04F79EFBC}") = "AbstractSingleton", "AbstractSingleton.csproj", "{04990C00-F8C3-4838-AA5B-27FFF4108148}"
EndProject
Project("{FAE04EC0-301F-11D3-BF4B-00C04F79EFBC}") = "InterfaceOrientedSingleton", "..\InterfaceOrientedSingleton\InterfaceOrientedSingleton.csproj", "{B1C5A104-08D2-45D5-A12A-F01109C5BE96}"
EndProject
Global
	GlobalSection(SolutionConfigurationPlatforms) = preSolution
		Debug|Any CPU = Debug|Any CPU
		Release|Any CPU = Release|Any CPU
	EndGlobalSection
	GlobalSection(ProjectConfigurationPlatforms) = postSolution
		{04990C00-F8C3-4838-AA5B-27FFF4108148}.Debug|Any CPU.ActiveCfg = Debug|Any CPU
		{04990C00-F8C3-4838-AA5B-27FFF4108148}.Debug|Any CPU.Build.0 = Debug|Any CPU
		{04990C00-F8C3-4838-AA5B-27FFF4108148}.Release|Any CPU.ActiveCfg = Release|Any CPU
		{04990C00-F8C3-4838-AA5B-27FFF4108148}.Release|Any CPU.Build.0 = Release|Any CPU
		{B1C5A104-08D2-45D5-A12A-F01109C5BE96}.Debug|Any CPU.ActiveCfg = Debug|Any CPU
		{B1C5A104-08D2-45D5-A12A-F01109C5BE96}.Debug|Any CPU.Build.0 = Debug|Any CPU
		{B1C5A104-08D2-45D5-A12A-F01109C5BE96}.Release|Any CPU.ActiveCfg = Release|Any CPU
		{B1C5A104-08D2-45D5-A12A-F01109C5BE96}.Release|Any CPU.Build.0 = Release|Any CPU
	EndGlobalSection
	GlobalSection(SolutionProperties) = preSolution
		HideSolutionNode = FALSE
	EndGlobalSection
EndGlobal
