
Microsoft Visual Studio Solution File, Format Version 9.00
# Visual Studio 2005
Project("{FAE04EC0-301F-11D3-BF4B-00C04F79EFBC}") = "SVNFilteredStatus", "SVNFilteredStatus\SVNFilteredStatus.csproj", "{6E372237-8C7A-4CCC-8CE6-BD3D1F9D7477}"
EndProject
Global
	GlobalSection(SolutionConfigurationPlatforms) = preSolution
		Debug|Any CPU = Debug|Any CPU
		Release|Any CPU = Release|Any CPU
	EndGlobalSection
	GlobalSection(ProjectConfigurationPlatforms) = postSolution
		{6E372237-8C7A-4CCC-8CE6-BD3D1F9D7477}.Debug|Any CPU.ActiveCfg = Debug|Any CPU
		{6E372237-8C7A-4CCC-8CE6-BD3D1F9D7477}.Debug|Any CPU.Build.0 = Debug|Any CPU
		{6E372237-8C7A-4CCC-8CE6-BD3D1F9D7477}.Release|Any CPU.ActiveCfg = Release|Any CPU
		{6E372237-8C7A-4CCC-8CE6-BD3D1F9D7477}.Release|Any CPU.Build.0 = Release|Any CPU
	EndGlobalSection
	GlobalSection(SolutionProperties) = preSolution
		HideSolutionNode = FALSE
	EndGlobalSection
EndGlobal
