Microsoft Visual Studio Solution File, Format Version 7.00
Project("{FAE04EC0-301F-11D3-BF4B-00C04F79EFBC}") = "LSNConsoleTest", "LSNConsoleTest.csproj", "{17AC5467-E400-4699-A8CE-2E01125E53F3}"
EndProject
Global
	GlobalSection(SolutionConfiguration) = preSolution
		ConfigName.0 = Debug
		ConfigName.1 = Release
	EndGlobalSection
	GlobalSection(ProjectDependencies) = postSolution
	EndGlobalSection
	GlobalSection(ProjectConfiguration) = postSolution
		{17AC5467-E400-4699-A8CE-2E01125E53F3}.Debug.ActiveCfg = Debug|.NET
		{17AC5467-E400-4699-A8CE-2E01125E53F3}.Debug.Build.0 = Debug|.NET
		{17AC5467-E400-4699-A8CE-2E01125E53F3}.Release.ActiveCfg = Release|.NET
		{17AC5467-E400-4699-A8CE-2E01125E53F3}.Release.Build.0 = Release|.NET
	EndGlobalSection
	GlobalSection(ExtensibilityGlobals) = postSolution
	EndGlobalSection
	GlobalSection(ExtensibilityAddIns) = postSolution
	EndGlobalSection
EndGlobal
