
Microsoft Visual Studio Solution File, Format Version 11.00
# Visual Studio 2010
Project("{FAE04EC0-301F-11D3-BF4B-00C04F79EFBC}") = "WinDBGTestPrograms", "WinDBGTestPrograms\WinDBGTestPrograms.csproj", "{BD7FC2B8-C1F2-4A25-B2B4-D60AA5122955}"
EndProject
Project("{8BC9CEB8-8B4A-11D0-8D11-00A0C91BC942}") = "WinDBGTestProgramsNtv", "WinDBGTestProgramsNtv\WinDBGTestProgramsNtv.vcxproj", "{E02CA966-9581-4CC6-8182-9ED492278C88}"
EndProject
Global
	GlobalSection(SolutionConfigurationPlatforms) = preSolution
		Debug|Mixed Platforms = Debug|Mixed Platforms
		Debug|Win32 = Debug|Win32
		Debug|x86 = Debug|x86
		Release|Mixed Platforms = Release|Mixed Platforms
		Release|Win32 = Release|Win32
		Release|x86 = Release|x86
	EndGlobalSection
	GlobalSection(ProjectConfigurationPlatforms) = postSolution
		{BD7FC2B8-C1F2-4A25-B2B4-D60AA5122955}.Debug|Mixed Platforms.ActiveCfg = Debug|x86
		{BD7FC2B8-C1F2-4A25-B2B4-D60AA5122955}.Debug|Mixed Platforms.Build.0 = Debug|x86
		{BD7FC2B8-C1F2-4A25-B2B4-D60AA5122955}.Debug|Win32.ActiveCfg = Debug|x86
		{BD7FC2B8-C1F2-4A25-B2B4-D60AA5122955}.Debug|x86.ActiveCfg = Debug|x86
		{BD7FC2B8-C1F2-4A25-B2B4-D60AA5122955}.Debug|x86.Build.0 = Debug|x86
		{BD7FC2B8-C1F2-4A25-B2B4-D60AA5122955}.Release|Mixed Platforms.ActiveCfg = Release|x86
		{BD7FC2B8-C1F2-4A25-B2B4-D60AA5122955}.Release|Mixed Platforms.Build.0 = Release|x86
		{BD7FC2B8-C1F2-4A25-B2B4-D60AA5122955}.Release|Win32.ActiveCfg = Release|x86
		{BD7FC2B8-C1F2-4A25-B2B4-D60AA5122955}.Release|x86.ActiveCfg = Release|x86
		{BD7FC2B8-C1F2-4A25-B2B4-D60AA5122955}.Release|x86.Build.0 = Release|x86
		{E02CA966-9581-4CC6-8182-9ED492278C88}.Debug|Mixed Platforms.ActiveCfg = Debug|Win32
		{E02CA966-9581-4CC6-8182-9ED492278C88}.Debug|Mixed Platforms.Build.0 = Debug|Win32
		{E02CA966-9581-4CC6-8182-9ED492278C88}.Debug|Win32.ActiveCfg = Debug|Win32
		{E02CA966-9581-4CC6-8182-9ED492278C88}.Debug|Win32.Build.0 = Debug|Win32
		{E02CA966-9581-4CC6-8182-9ED492278C88}.Debug|x86.ActiveCfg = Debug|Win32
		{E02CA966-9581-4CC6-8182-9ED492278C88}.Release|Mixed Platforms.ActiveCfg = Release|Win32
		{E02CA966-9581-4CC6-8182-9ED492278C88}.Release|Mixed Platforms.Build.0 = Release|Win32
		{E02CA966-9581-4CC6-8182-9ED492278C88}.Release|Win32.ActiveCfg = Release|Win32
		{E02CA966-9581-4CC6-8182-9ED492278C88}.Release|Win32.Build.0 = Release|Win32
		{E02CA966-9581-4CC6-8182-9ED492278C88}.Release|x86.ActiveCfg = Release|Win32
	EndGlobalSection
	GlobalSection(SolutionProperties) = preSolution
		HideSolutionNode = FALSE
	EndGlobalSection
EndGlobal
