
Microsoft Visual Studio Solution File, Format Version 11.00
# Visual Studio 2010
Project("{8BC9CEB8-8B4A-11D0-8D11-00A0C91BC942}") = "BinaryXfer", "BinaryXfer\BinaryXfer.vcxproj", "{BDEA77A1-CCCF-4390-AB88-69BC721F7257}"
EndProject
Project("{FAE04EC0-301F-11D3-BF4B-00C04F79EFBC}") = "ConsoleApplication1", "ConsoleApplication1\ConsoleApplication1.csproj", "{4A0DA12D-EC5A-4E93-B0AC-DEF53D80326E}"
EndProject
Project("{FAE04EC0-301F-11D3-BF4B-00C04F79EFBC}") = "CsharpToCSharpMarshall", "CsharpToCSharpMarshall\CsharpToCSharpMarshall.csproj", "{8658CFF4-62C8-4C0C-9468-2E260CF68739}"
EndProject
Project("{2150E333-8FDC-42A3-9474-1A3956D46DE8}") = "Solution Items", "Solution Items", "{C8AF396D-8EA0-4ADD-8016-FF774DE27C93}"
	ProjectSection(SolutionItems) = preProject
		BinaryXfer.vsmdi = BinaryXfer.vsmdi
		Local.testsettings = Local.testsettings
		TraceAndTestImpact.testsettings = TraceAndTestImpact.testsettings
	EndProjectSection
EndProject
Project("{FAE04EC0-301F-11D3-BF4B-00C04F79EFBC}") = "CSharpToCSharpMarshalUTs", "CSharpToCSharpMarshalUTs\CSharpToCSharpMarshalUTs.csproj", "{D4C23B9B-EA9D-4E93-8D64-2D79715219D9}"
EndProject
Global
	GlobalSection(TestCaseManagementSettings) = postSolution
		CategoryFile = BinaryXfer.vsmdi
	EndGlobalSection
	GlobalSection(SolutionConfigurationPlatforms) = preSolution
		Debug|Any CPU = Debug|Any CPU
		Debug|Mixed Platforms = Debug|Mixed Platforms
		Debug|Win32 = Debug|Win32
		Debug|x86 = Debug|x86
		Release|Any CPU = Release|Any CPU
		Release|Mixed Platforms = Release|Mixed Platforms
		Release|Win32 = Release|Win32
		Release|x86 = Release|x86
	EndGlobalSection
	GlobalSection(ProjectConfigurationPlatforms) = postSolution
		{BDEA77A1-CCCF-4390-AB88-69BC721F7257}.Debug|Any CPU.ActiveCfg = Debug|Win32
		{BDEA77A1-CCCF-4390-AB88-69BC721F7257}.Debug|Mixed Platforms.ActiveCfg = Debug|Win32
		{BDEA77A1-CCCF-4390-AB88-69BC721F7257}.Debug|Mixed Platforms.Build.0 = Debug|Win32
		{BDEA77A1-CCCF-4390-AB88-69BC721F7257}.Debug|Win32.ActiveCfg = Debug|Win32
		{BDEA77A1-CCCF-4390-AB88-69BC721F7257}.Debug|Win32.Build.0 = Debug|Win32
		{BDEA77A1-CCCF-4390-AB88-69BC721F7257}.Debug|x86.ActiveCfg = Debug|Win32
		{BDEA77A1-CCCF-4390-AB88-69BC721F7257}.Release|Any CPU.ActiveCfg = Release|Win32
		{BDEA77A1-CCCF-4390-AB88-69BC721F7257}.Release|Mixed Platforms.ActiveCfg = Release|Win32
		{BDEA77A1-CCCF-4390-AB88-69BC721F7257}.Release|Mixed Platforms.Build.0 = Release|Win32
		{BDEA77A1-CCCF-4390-AB88-69BC721F7257}.Release|Win32.ActiveCfg = Release|Win32
		{BDEA77A1-CCCF-4390-AB88-69BC721F7257}.Release|Win32.Build.0 = Release|Win32
		{BDEA77A1-CCCF-4390-AB88-69BC721F7257}.Release|x86.ActiveCfg = Release|Win32
		{4A0DA12D-EC5A-4E93-B0AC-DEF53D80326E}.Debug|Any CPU.ActiveCfg = Debug|x86
		{4A0DA12D-EC5A-4E93-B0AC-DEF53D80326E}.Debug|Mixed Platforms.ActiveCfg = Debug|x86
		{4A0DA12D-EC5A-4E93-B0AC-DEF53D80326E}.Debug|Mixed Platforms.Build.0 = Debug|x86
		{4A0DA12D-EC5A-4E93-B0AC-DEF53D80326E}.Debug|Win32.ActiveCfg = Debug|x86
		{4A0DA12D-EC5A-4E93-B0AC-DEF53D80326E}.Debug|x86.ActiveCfg = Debug|x86
		{4A0DA12D-EC5A-4E93-B0AC-DEF53D80326E}.Debug|x86.Build.0 = Debug|x86
		{4A0DA12D-EC5A-4E93-B0AC-DEF53D80326E}.Release|Any CPU.ActiveCfg = Release|x86
		{4A0DA12D-EC5A-4E93-B0AC-DEF53D80326E}.Release|Mixed Platforms.ActiveCfg = Release|x86
		{4A0DA12D-EC5A-4E93-B0AC-DEF53D80326E}.Release|Mixed Platforms.Build.0 = Release|x86
		{4A0DA12D-EC5A-4E93-B0AC-DEF53D80326E}.Release|Win32.ActiveCfg = Release|x86
		{4A0DA12D-EC5A-4E93-B0AC-DEF53D80326E}.Release|x86.ActiveCfg = Release|x86
		{4A0DA12D-EC5A-4E93-B0AC-DEF53D80326E}.Release|x86.Build.0 = Release|x86
		{8658CFF4-62C8-4C0C-9468-2E260CF68739}.Debug|Any CPU.ActiveCfg = Debug|x86
		{8658CFF4-62C8-4C0C-9468-2E260CF68739}.Debug|Mixed Platforms.ActiveCfg = Debug|x86
		{8658CFF4-62C8-4C0C-9468-2E260CF68739}.Debug|Mixed Platforms.Build.0 = Debug|x86
		{8658CFF4-62C8-4C0C-9468-2E260CF68739}.Debug|Win32.ActiveCfg = Debug|x86
		{8658CFF4-62C8-4C0C-9468-2E260CF68739}.Debug|x86.ActiveCfg = Debug|x86
		{8658CFF4-62C8-4C0C-9468-2E260CF68739}.Debug|x86.Build.0 = Debug|x86
		{8658CFF4-62C8-4C0C-9468-2E260CF68739}.Release|Any CPU.ActiveCfg = Release|x86
		{8658CFF4-62C8-4C0C-9468-2E260CF68739}.Release|Mixed Platforms.ActiveCfg = Release|x86
		{8658CFF4-62C8-4C0C-9468-2E260CF68739}.Release|Mixed Platforms.Build.0 = Release|x86
		{8658CFF4-62C8-4C0C-9468-2E260CF68739}.Release|Win32.ActiveCfg = Release|x86
		{8658CFF4-62C8-4C0C-9468-2E260CF68739}.Release|x86.ActiveCfg = Release|x86
		{8658CFF4-62C8-4C0C-9468-2E260CF68739}.Release|x86.Build.0 = Release|x86
		{D4C23B9B-EA9D-4E93-8D64-2D79715219D9}.Debug|Any CPU.ActiveCfg = Debug|Any CPU
		{D4C23B9B-EA9D-4E93-8D64-2D79715219D9}.Debug|Any CPU.Build.0 = Debug|Any CPU
		{D4C23B9B-EA9D-4E93-8D64-2D79715219D9}.Debug|Mixed Platforms.ActiveCfg = Debug|Any CPU
		{D4C23B9B-EA9D-4E93-8D64-2D79715219D9}.Debug|Mixed Platforms.Build.0 = Debug|Any CPU
		{D4C23B9B-EA9D-4E93-8D64-2D79715219D9}.Debug|Win32.ActiveCfg = Debug|Any CPU
		{D4C23B9B-EA9D-4E93-8D64-2D79715219D9}.Debug|x86.ActiveCfg = Debug|Any CPU
		{D4C23B9B-EA9D-4E93-8D64-2D79715219D9}.Release|Any CPU.ActiveCfg = Release|Any CPU
		{D4C23B9B-EA9D-4E93-8D64-2D79715219D9}.Release|Any CPU.Build.0 = Release|Any CPU
		{D4C23B9B-EA9D-4E93-8D64-2D79715219D9}.Release|Mixed Platforms.ActiveCfg = Release|Any CPU
		{D4C23B9B-EA9D-4E93-8D64-2D79715219D9}.Release|Mixed Platforms.Build.0 = Release|Any CPU
		{D4C23B9B-EA9D-4E93-8D64-2D79715219D9}.Release|Win32.ActiveCfg = Release|Any CPU
		{D4C23B9B-EA9D-4E93-8D64-2D79715219D9}.Release|x86.ActiveCfg = Release|Any CPU
	EndGlobalSection
	GlobalSection(SolutionProperties) = preSolution
		HideSolutionNode = FALSE
	EndGlobalSection
EndGlobal
