
Microsoft Visual Studio Solution File, Format Version 9.00
# Visual Studio 2005
Project("{FAE04EC0-301F-11D3-BF4B-00C04F79EFBC}") = "Inheritance", "Inheritance\Inheritance.csproj", "{910EB6D2-D298-4B92-A035-844E35AD7A2F}"
EndProject
Project("{FAE04EC0-301F-11D3-BF4B-00C04F79EFBC}") = "virtualDemo", "virtualDemo\virtualDemo.csproj", "{0FCB7E2B-D51B-4F26-8C23-079D28801B85}"
EndProject
Global
	GlobalSection(SolutionConfigurationPlatforms) = preSolution
		Debug|Any CPU = Debug|Any CPU
		Release|Any CPU = Release|Any CPU
	EndGlobalSection
	GlobalSection(ProjectConfigurationPlatforms) = postSolution
		{910EB6D2-D298-4B92-A035-844E35AD7A2F}.Debug|Any CPU.ActiveCfg = Debug|Any CPU
		{910EB6D2-D298-4B92-A035-844E35AD7A2F}.Debug|Any CPU.Build.0 = Debug|Any CPU
		{910EB6D2-D298-4B92-A035-844E35AD7A2F}.Release|Any CPU.ActiveCfg = Release|Any CPU
		{910EB6D2-D298-4B92-A035-844E35AD7A2F}.Release|Any CPU.Build.0 = Release|Any CPU
		{0FCB7E2B-D51B-4F26-8C23-079D28801B85}.Debug|Any CPU.ActiveCfg = Debug|Any CPU
		{0FCB7E2B-D51B-4F26-8C23-079D28801B85}.Debug|Any CPU.Build.0 = Debug|Any CPU
		{0FCB7E2B-D51B-4F26-8C23-079D28801B85}.Release|Any CPU.ActiveCfg = Release|Any CPU
		{0FCB7E2B-D51B-4F26-8C23-079D28801B85}.Release|Any CPU.Build.0 = Release|Any CPU
	EndGlobalSection
	GlobalSection(SolutionProperties) = preSolution
		HideSolutionNode = FALSE
	EndGlobalSection
EndGlobal
