
Microsoft Visual Studio Solution File, Format Version 12.00
# Visual Studio 2012
Project("{8BC9CEB8-8B4A-11D0-8D11-00A0C91BC942}") = "NumericLimits", "NumericLimits\NumericLimits.vcxproj", "{D805B89D-7157-472D-A7A1-AE1E1AC01C70}"
EndProject
Global
	GlobalSection(SolutionConfigurationPlatforms) = preSolution
		Debug|Win32 = Debug|Win32
		Release|Win32 = Release|Win32
	EndGlobalSection
	GlobalSection(ProjectConfigurationPlatforms) = postSolution
		{D805B89D-7157-472D-A7A1-AE1E1AC01C70}.Debug|Win32.ActiveCfg = Debug|Win32
		{D805B89D-7157-472D-A7A1-AE1E1AC01C70}.Debug|Win32.Build.0 = Debug|Win32
		{D805B89D-7157-472D-A7A1-AE1E1AC01C70}.Release|Win32.ActiveCfg = Release|Win32
		{D805B89D-7157-472D-A7A1-AE1E1AC01C70}.Release|Win32.Build.0 = Release|Win32
	EndGlobalSection
	GlobalSection(SolutionProperties) = preSolution
		HideSolutionNode = FALSE
	EndGlobalSection
EndGlobal
