Microsoft Visual Studio Solution File, Format Version 8.00
Project("{8BC9CEB8-8B4A-11D0-8D11-00A0C91BC942}") = "ReadIDX", "ReadIDX.vcproj", "{FC58E708-C732-4CDD-BFF6-29A1EA823FA8}"
	ProjectSection(ProjectDependencies) = postProject
	EndProjectSection
EndProject
Global
	GlobalSection(SolutionConfiguration) = preSolution
		Debug = Debug
		Release = Release
	EndGlobalSection
	GlobalSection(ProjectConfiguration) = postSolution
		{FC58E708-C732-4CDD-BFF6-29A1EA823FA8}.Debug.ActiveCfg = Debug|Win32
		{FC58E708-C732-4CDD-BFF6-29A1EA823FA8}.Debug.Build.0 = Debug|Win32
		{FC58E708-C732-4CDD-BFF6-29A1EA823FA8}.Release.ActiveCfg = Release|Win32
		{FC58E708-C732-4CDD-BFF6-29A1EA823FA8}.Release.Build.0 = Release|Win32
	EndGlobalSection
	GlobalSection(ExtensibilityGlobals) = postSolution
	EndGlobalSection
	GlobalSection(ExtensibilityAddIns) = postSolution
	EndGlobalSection
EndGlobal
