Microsoft Visual Studio Solution File, Format Version 7.00
Project("{FAE04EC0-301F-11D3-BF4B-00C04F79EFBC}") = "Diablo2ReSkller", "Diablo2ReSkller.csproj", "{EAA9A16F-F645-443E-86B1-5BA2CAF45E58}"
EndProject
Global
	GlobalSection(SolutionConfiguration) = preSolution
		ConfigName.0 = Debug
		ConfigName.1 = Release
	EndGlobalSection
	GlobalSection(ProjectDependencies) = postSolution
	EndGlobalSection
	GlobalSection(ProjectConfiguration) = postSolution
		{EAA9A16F-F645-443E-86B1-5BA2CAF45E58}.Debug.ActiveCfg = Debug|.NET
		{EAA9A16F-F645-443E-86B1-5BA2CAF45E58}.Debug.Build.0 = Debug|.NET
		{EAA9A16F-F645-443E-86B1-5BA2CAF45E58}.Release.ActiveCfg = Release|.NET
		{EAA9A16F-F645-443E-86B1-5BA2CAF45E58}.Release.Build.0 = Release|.NET
	EndGlobalSection
	GlobalSection(ExtensibilityGlobals) = postSolution
	EndGlobalSection
	GlobalSection(ExtensibilityAddIns) = postSolution
	EndGlobalSection
EndGlobal
