
Microsoft Visual Studio Solution File, Format Version 11.00
# Visual Studio 2010
Project("{8BC9CEB8-8B4A-11D0-8D11-00A0C91BC942}") = "WCFExampleCPP", "WCFExampleCPP\WCFExampleCPP.vcxproj", "{937DE3F6-2D86-47D3-8E30-837CE2B30A12}"
EndProject
Project("{FAE04EC0-301F-11D3-BF4B-00C04F79EFBC}") = "HostProg", "HostProg\HostProg.csproj", "{1F73F9F0-3EBB-4060-9067-73129BA28033}"
EndProject
Global
	GlobalSection(SolutionConfigurationPlatforms) = preSolution
		Debug|Mixed Platforms = Debug|Mixed Platforms
		Debug|Win32 = Debug|Win32
		Debug|x86 = Debug|x86
		Release|Mixed Platforms = Release|Mixed Platforms
		Release|Win32 = Release|Win32
		Release|x86 = Release|x86
	EndGlobalSection
	GlobalSection(ProjectConfigurationPlatforms) = postSolution
		{937DE3F6-2D86-47D3-8E30-837CE2B30A12}.Debug|Mixed Platforms.ActiveCfg = Debug|Win32
		{937DE3F6-2D86-47D3-8E30-837CE2B30A12}.Debug|Mixed Platforms.Build.0 = Debug|Win32
		{937DE3F6-2D86-47D3-8E30-837CE2B30A12}.Debug|Win32.ActiveCfg = Debug|Win32
		{937DE3F6-2D86-47D3-8E30-837CE2B30A12}.Debug|Win32.Build.0 = Debug|Win32
		{937DE3F6-2D86-47D3-8E30-837CE2B30A12}.Debug|x86.ActiveCfg = Debug|Win32
		{937DE3F6-2D86-47D3-8E30-837CE2B30A12}.Release|Mixed Platforms.ActiveCfg = Release|Win32
		{937DE3F6-2D86-47D3-8E30-837CE2B30A12}.Release|Mixed Platforms.Build.0 = Release|Win32
		{937DE3F6-2D86-47D3-8E30-837CE2B30A12}.Release|Win32.ActiveCfg = Release|Win32
		{937DE3F6-2D86-47D3-8E30-837CE2B30A12}.Release|Win32.Build.0 = Release|Win32
		{937DE3F6-2D86-47D3-8E30-837CE2B30A12}.Release|x86.ActiveCfg = Release|Win32
		{1F73F9F0-3EBB-4060-9067-73129BA28033}.Debug|Mixed Platforms.ActiveCfg = Debug|x86
		{1F73F9F0-3EBB-4060-9067-73129BA28033}.Debug|Mixed Platforms.Build.0 = Debug|x86
		{1F73F9F0-3EBB-4060-9067-73129BA28033}.Debug|Win32.ActiveCfg = Debug|x86
		{1F73F9F0-3EBB-4060-9067-73129BA28033}.Debug|x86.ActiveCfg = Debug|x86
		{1F73F9F0-3EBB-4060-9067-73129BA28033}.Debug|x86.Build.0 = Debug|x86
		{1F73F9F0-3EBB-4060-9067-73129BA28033}.Release|Mixed Platforms.ActiveCfg = Release|x86
		{1F73F9F0-3EBB-4060-9067-73129BA28033}.Release|Mixed Platforms.Build.0 = Release|x86
		{1F73F9F0-3EBB-4060-9067-73129BA28033}.Release|Win32.ActiveCfg = Release|x86
		{1F73F9F0-3EBB-4060-9067-73129BA28033}.Release|x86.ActiveCfg = Release|x86
		{1F73F9F0-3EBB-4060-9067-73129BA28033}.Release|x86.Build.0 = Release|x86
	EndGlobalSection
	GlobalSection(SolutionProperties) = preSolution
		HideSolutionNode = FALSE
	EndGlobalSection
EndGlobal
