
Microsoft Visual Studio Solution File, Format Version 10.00
# Visual Studio 2008
Project("{E24C65DC-7377-472B-9ABA-BC803B73C61A}") = "ControlORama", "..\AspNetStepByStep\Chap3\ControlORama\", "{3FF7B3C5-0963-4EC5-A34D-B01A2D360ED0}"
	ProjectSection(WebsiteProperties) = preProject
		TargetFramework = "3.5"
		Debug.AspNetCompiler.VirtualPath = "/ControlORama"
		Debug.AspNetCompiler.PhysicalPath = "..\AspNetStepByStep\Chap3\ControlORama\"
		Debug.AspNetCompiler.TargetPath = "PrecompiledWeb\ControlORama\"
		Debug.AspNetCompiler.Updateable = "true"
		Debug.AspNetCompiler.ForceOverwrite = "true"
		Debug.AspNetCompiler.FixedNames = "false"
		Debug.AspNetCompiler.Debug = "True"
		Release.AspNetCompiler.VirtualPath = "/ControlORama"
		Release.AspNetCompiler.PhysicalPath = "..\AspNetStepByStep\Chap3\ControlORama\"
		Release.AspNetCompiler.TargetPath = "PrecompiledWeb\ControlORama\"
		Release.AspNetCompiler.Updateable = "true"
		Release.AspNetCompiler.ForceOverwrite = "true"
		Release.AspNetCompiler.FixedNames = "false"
		Release.AspNetCompiler.Debug = "False"
		VWDPort = "1475"
	EndProjectSection
EndProject
Project("{FAE04EC0-301F-11D3-BF4B-00C04F79EFBC}") = "CustomControlLib", "..\AspNetStepByStep\Chap3\CustomControlLib\CustomControlLib.csproj", "{3955B078-390F-4B36-BC9A-DFC4DADC2935}"
EndProject
Global
	GlobalSection(SolutionConfigurationPlatforms) = preSolution
		Debug|Any CPU = Debug|Any CPU
		Release|Any CPU = Release|Any CPU
	EndGlobalSection
	GlobalSection(ProjectConfigurationPlatforms) = postSolution
		{3FF7B3C5-0963-4EC5-A34D-B01A2D360ED0}.Debug|Any CPU.ActiveCfg = Debug|Any CPU
		{3FF7B3C5-0963-4EC5-A34D-B01A2D360ED0}.Debug|Any CPU.Build.0 = Debug|Any CPU
		{3FF7B3C5-0963-4EC5-A34D-B01A2D360ED0}.Release|Any CPU.ActiveCfg = Debug|Any CPU
		{3FF7B3C5-0963-4EC5-A34D-B01A2D360ED0}.Release|Any CPU.Build.0 = Debug|Any CPU
		{3955B078-390F-4B36-BC9A-DFC4DADC2935}.Debug|Any CPU.ActiveCfg = Debug|Any CPU
		{3955B078-390F-4B36-BC9A-DFC4DADC2935}.Debug|Any CPU.Build.0 = Debug|Any CPU
		{3955B078-390F-4B36-BC9A-DFC4DADC2935}.Release|Any CPU.ActiveCfg = Release|Any CPU
		{3955B078-390F-4B36-BC9A-DFC4DADC2935}.Release|Any CPU.Build.0 = Release|Any CPU
	EndGlobalSection
	GlobalSection(SolutionProperties) = preSolution
		HideSolutionNode = FALSE
	EndGlobalSection
EndGlobal
