
Microsoft Visual Studio Solution File, Format Version 9.00
# Visual Studio 2005
Project("{FAE04EC0-301F-11D3-BF4B-00C04F79EFBC}") = "StructToByte", "StructToByte\StructToByte.csproj", "{C83776C5-B7CA-439D-8AEA-28BE0D3EDF34}"
EndProject
Global
	GlobalSection(SolutionConfigurationPlatforms) = preSolution
		Debug|Any CPU = Debug|Any CPU
		Release|Any CPU = Release|Any CPU
	EndGlobalSection
	GlobalSection(ProjectConfigurationPlatforms) = postSolution
		{C83776C5-B7CA-439D-8AEA-28BE0D3EDF34}.Debug|Any CPU.ActiveCfg = Debug|Any CPU
		{C83776C5-B7CA-439D-8AEA-28BE0D3EDF34}.Debug|Any CPU.Build.0 = Debug|Any CPU
		{C83776C5-B7CA-439D-8AEA-28BE0D3EDF34}.Release|Any CPU.ActiveCfg = Release|Any CPU
		{C83776C5-B7CA-439D-8AEA-28BE0D3EDF34}.Release|Any CPU.Build.0 = Release|Any CPU
	EndGlobalSection
	GlobalSection(SolutionProperties) = preSolution
		HideSolutionNode = FALSE
	EndGlobalSection
EndGlobal
