
Microsoft Visual Studio Solution File, Format Version 10.00
# Visual Studio 2008
Project("{FAE04EC0-301F-11D3-BF4B-00C04F79EFBC}") = "TailSpinWebSite", "TailSpinWebSite\TailSpinWebSite.csproj", "{76145F2E-83AC-4AF5-8E35-3846F3074187}"
EndProject
Project("{FAE04EC0-301F-11D3-BF4B-00C04F79EFBC}") = "TailSpinWebSite.Tests", "TailSpinWebSite.Tests\TailSpinWebSite.Tests.csproj", "{6CB7B18E-0C91-4A93-9035-D358CE5495C1}"
EndProject
Global
	GlobalSection(SolutionConfigurationPlatforms) = preSolution
		Debug|Any CPU = Debug|Any CPU
		Release|Any CPU = Release|Any CPU
	EndGlobalSection
	GlobalSection(ProjectConfigurationPlatforms) = postSolution
		{76145F2E-83AC-4AF5-8E35-3846F3074187}.Debug|Any CPU.ActiveCfg = Debug|Any CPU
		{76145F2E-83AC-4AF5-8E35-3846F3074187}.Debug|Any CPU.Build.0 = Debug|Any CPU
		{76145F2E-83AC-4AF5-8E35-3846F3074187}.Release|Any CPU.ActiveCfg = Release|Any CPU
		{76145F2E-83AC-4AF5-8E35-3846F3074187}.Release|Any CPU.Build.0 = Release|Any CPU
		{6CB7B18E-0C91-4A93-9035-D358CE5495C1}.Debug|Any CPU.ActiveCfg = Debug|Any CPU
		{6CB7B18E-0C91-4A93-9035-D358CE5495C1}.Debug|Any CPU.Build.0 = Debug|Any CPU
		{6CB7B18E-0C91-4A93-9035-D358CE5495C1}.Release|Any CPU.ActiveCfg = Release|Any CPU
		{6CB7B18E-0C91-4A93-9035-D358CE5495C1}.Release|Any CPU.Build.0 = Release|Any CPU
	EndGlobalSection
	GlobalSection(SolutionProperties) = preSolution
		HideSolutionNode = FALSE
	EndGlobalSection
EndGlobal
