
Microsoft Visual Studio Solution File, Format Version 9.00
# Visual Studio 2005
Project("{FAE04EC0-301F-11D3-BF4B-00C04F79EFBC}") = "DetectRepeatRun", "DetectRepeatRun\DetectRepeatRun.csproj", "{4DA50422-7D83-4A09-9CA9-C70EFD998FA5}"
EndProject
Project("{FAE04EC0-301F-11D3-BF4B-00C04F79EFBC}") = "DetectRepeatRun2", "DetectRepeatRun2\DetectRepeatRun2.csproj", "{D4ADF438-D2FD-47E9-BD15-219D32A92013}"
EndProject
Global
	GlobalSection(SolutionConfigurationPlatforms) = preSolution
		Debug|Any CPU = Debug|Any CPU
		Release|Any CPU = Release|Any CPU
	EndGlobalSection
	GlobalSection(ProjectConfigurationPlatforms) = postSolution
		{4DA50422-7D83-4A09-9CA9-C70EFD998FA5}.Debug|Any CPU.ActiveCfg = Debug|Any CPU
		{4DA50422-7D83-4A09-9CA9-C70EFD998FA5}.Debug|Any CPU.Build.0 = Debug|Any CPU
		{4DA50422-7D83-4A09-9CA9-C70EFD998FA5}.Release|Any CPU.ActiveCfg = Release|Any CPU
		{4DA50422-7D83-4A09-9CA9-C70EFD998FA5}.Release|Any CPU.Build.0 = Release|Any CPU
		{D4ADF438-D2FD-47E9-BD15-219D32A92013}.Debug|Any CPU.ActiveCfg = Debug|Any CPU
		{D4ADF438-D2FD-47E9-BD15-219D32A92013}.Debug|Any CPU.Build.0 = Debug|Any CPU
		{D4ADF438-D2FD-47E9-BD15-219D32A92013}.Release|Any CPU.ActiveCfg = Release|Any CPU
		{D4ADF438-D2FD-47E9-BD15-219D32A92013}.Release|Any CPU.Build.0 = Release|Any CPU
	EndGlobalSection
	GlobalSection(SolutionProperties) = preSolution
		HideSolutionNode = FALSE
	EndGlobalSection
EndGlobal
