
Microsoft Visual Studio Solution File, Format Version 10.00
# Visual Studio 2008
Project("{FAE04EC0-301F-11D3-BF4B-00C04F79EFBC}") = "WebX", "WebX.csproj", "{CCBF50A1-CAF8-4090-A692-0BC6C826A558}"
EndProject
Global
	GlobalSection(SolutionConfigurationPlatforms) = preSolution
		Debug|Any CPU = Debug|Any CPU
		Release|Any CPU = Release|Any CPU
	EndGlobalSection
	GlobalSection(ProjectConfigurationPlatforms) = postSolution
		{CCBF50A1-CAF8-4090-A692-0BC6C826A558}.Debug|Any CPU.ActiveCfg = Debug|Any CPU
		{CCBF50A1-CAF8-4090-A692-0BC6C826A558}.Debug|Any CPU.Build.0 = Debug|Any CPU
		{CCBF50A1-CAF8-4090-A692-0BC6C826A558}.Release|Any CPU.ActiveCfg = Release|Any CPU
		{CCBF50A1-CAF8-4090-A692-0BC6C826A558}.Release|Any CPU.Build.0 = Release|Any CPU
	EndGlobalSection
	GlobalSection(SolutionProperties) = preSolution
		HideSolutionNode = FALSE
	EndGlobalSection
EndGlobal
