Microsoft Visual Studio Solution File, Format Version 7.00
Project("{FAE04EC0-301F-11D3-BF4B-00C04F79EFBC}") = "BackgroundColor", "BackgroundColor.csproj", "{1C5C62DF-326B-485D-AE5C-DD8DC6CFD49E}"
EndProject
Global
	GlobalSection(SolutionConfiguration) = preSolution
		ConfigName.0 = Debug
		ConfigName.1 = Release
	EndGlobalSection
	GlobalSection(ProjectDependencies) = postSolution
	EndGlobalSection
	GlobalSection(ProjectConfiguration) = postSolution
		{1C5C62DF-326B-485D-AE5C-DD8DC6CFD49E}.Debug.ActiveCfg = Debug|.NET
		{1C5C62DF-326B-485D-AE5C-DD8DC6CFD49E}.Debug.Build.0 = Debug|.NET
		{1C5C62DF-326B-485D-AE5C-DD8DC6CFD49E}.Release.ActiveCfg = Release|.NET
		{1C5C62DF-326B-485D-AE5C-DD8DC6CFD49E}.Release.Build.0 = Release|.NET
	EndGlobalSection
	GlobalSection(ExtensibilityGlobals) = postSolution
	EndGlobalSection
	GlobalSection(ExtensibilityAddIns) = postSolution
	EndGlobalSection
EndGlobal
