
Microsoft Visual Studio Solution File, Format Version 9.00
# Visual Studio 2005
Project("{FAE04EC0-301F-11D3-BF4B-00C04F79EFBC}") = "WindowsApplication1", "WindowsApplication1\WindowsApplication1.csproj", "{400DD78D-7332-4FCC-9FD4-516A1F4CACEF}"
EndProject
Global
	GlobalSection(SolutionConfigurationPlatforms) = preSolution
		Debug|Any CPU = Debug|Any CPU
		Release|Any CPU = Release|Any CPU
	EndGlobalSection
	GlobalSection(ProjectConfigurationPlatforms) = postSolution
		{400DD78D-7332-4FCC-9FD4-516A1F4CACEF}.Debug|Any CPU.ActiveCfg = Debug|Any CPU
		{400DD78D-7332-4FCC-9FD4-516A1F4CACEF}.Debug|Any CPU.Build.0 = Debug|Any CPU
		{400DD78D-7332-4FCC-9FD4-516A1F4CACEF}.Release|Any CPU.ActiveCfg = Release|Any CPU
		{400DD78D-7332-4FCC-9FD4-516A1F4CACEF}.Release|Any CPU.Build.0 = Release|Any CPU
	EndGlobalSection
	GlobalSection(SolutionProperties) = preSolution
		HideSolutionNode = FALSE
	EndGlobalSection
EndGlobal
