
Microsoft Visual Studio Solution File, Format Version 11.00
# Visual Studio 2010
Project("{8BC9CEB8-8B4A-11D0-8D11-00A0C91BC942}") = "CriticalSectionTest", "CriticalSectionTest\CriticalSectionTest.vcxproj", "{C08703BE-A611-4DE2-B286-1975C59CBDB2}"
EndProject
Project("{2150E333-8FDC-42A3-9474-1A3956D46DE8}") = "Solution Items", "Solution Items", "{6374AB63-2E12-4EF0-9A9A-E42FA270FB57}"
	ProjectSection(SolutionItems) = preProject
		Local.testsettings = Local.testsettings
		ThreadingNative.vsmdi = ThreadingNative.vsmdi
		TraceAndTestImpact.testsettings = TraceAndTestImpact.testsettings
	EndProjectSection
EndProject
Project("{8BC9CEB8-8B4A-11D0-8D11-00A0C91BC942}") = "SimpleUTest", "SimpleUTest\SimpleUTest.vcxproj", "{E51D978B-A2A0-4A52-92F2-723B6BC8C267}"
EndProject
Project("{8BC9CEB8-8B4A-11D0-8D11-00A0C91BC942}") = "CallObjectMethodFromThreadTest", "CallObjectMethodFromThreadTest\CallObjectMethodFromThreadTest.vcxproj", "{50CC2C49-06DE-4E0F-849C-9E84436007C9}"
EndProject
Project("{8BC9CEB8-8B4A-11D0-8D11-00A0C91BC942}") = "CallObjectMethodFromThreadTest_CLR", "CallObjectMethodFromThreadTest_CLR\CallObjectMethodFromThreadTest_CLR.vcxproj", "{4A6F9C01-789F-4BB3-AFAD-08620B943DCA}"
EndProject
Project("{FAE04EC0-301F-11D3-BF4B-00C04F79EFBC}") = "CallObjectMethodFromThreadTest_CSharp", "CallObjectMethodFromThreadTest_CSharp\CallObjectMethodFromThreadTest_CSharp.csproj", "{D8317D0C-01E6-4851-BC8C-A0BC125A3605}"
EndProject
Global
	GlobalSection(TestCaseManagementSettings) = postSolution
		CategoryFile = ThreadingNative.vsmdi
	EndGlobalSection
	GlobalSection(SolutionConfigurationPlatforms) = preSolution
		Debug|Any CPU = Debug|Any CPU
		Debug|Mixed Platforms = Debug|Mixed Platforms
		Debug|Win32 = Debug|Win32
		Debug|x86 = Debug|x86
		Release|Any CPU = Release|Any CPU
		Release|Mixed Platforms = Release|Mixed Platforms
		Release|Win32 = Release|Win32
		Release|x86 = Release|x86
	EndGlobalSection
	GlobalSection(ProjectConfigurationPlatforms) = postSolution
		{C08703BE-A611-4DE2-B286-1975C59CBDB2}.Debug|Any CPU.ActiveCfg = Debug|Win32
		{C08703BE-A611-4DE2-B286-1975C59CBDB2}.Debug|Mixed Platforms.ActiveCfg = Debug|Win32
		{C08703BE-A611-4DE2-B286-1975C59CBDB2}.Debug|Mixed Platforms.Build.0 = Debug|Win32
		{C08703BE-A611-4DE2-B286-1975C59CBDB2}.Debug|Win32.ActiveCfg = Debug|Win32
		{C08703BE-A611-4DE2-B286-1975C59CBDB2}.Debug|Win32.Build.0 = Debug|Win32
		{C08703BE-A611-4DE2-B286-1975C59CBDB2}.Debug|x86.ActiveCfg = Debug|Win32
		{C08703BE-A611-4DE2-B286-1975C59CBDB2}.Release|Any CPU.ActiveCfg = Release|Win32
		{C08703BE-A611-4DE2-B286-1975C59CBDB2}.Release|Mixed Platforms.ActiveCfg = Release|Win32
		{C08703BE-A611-4DE2-B286-1975C59CBDB2}.Release|Mixed Platforms.Build.0 = Release|Win32
		{C08703BE-A611-4DE2-B286-1975C59CBDB2}.Release|Win32.ActiveCfg = Release|Win32
		{C08703BE-A611-4DE2-B286-1975C59CBDB2}.Release|Win32.Build.0 = Release|Win32
		{C08703BE-A611-4DE2-B286-1975C59CBDB2}.Release|x86.ActiveCfg = Release|Win32
		{E51D978B-A2A0-4A52-92F2-723B6BC8C267}.Debug|Any CPU.ActiveCfg = Debug|Win32
		{E51D978B-A2A0-4A52-92F2-723B6BC8C267}.Debug|Mixed Platforms.ActiveCfg = Debug|Win32
		{E51D978B-A2A0-4A52-92F2-723B6BC8C267}.Debug|Mixed Platforms.Build.0 = Debug|Win32
		{E51D978B-A2A0-4A52-92F2-723B6BC8C267}.Debug|Win32.ActiveCfg = Debug|Win32
		{E51D978B-A2A0-4A52-92F2-723B6BC8C267}.Debug|Win32.Build.0 = Debug|Win32
		{E51D978B-A2A0-4A52-92F2-723B6BC8C267}.Debug|x86.ActiveCfg = Debug|Win32
		{E51D978B-A2A0-4A52-92F2-723B6BC8C267}.Release|Any CPU.ActiveCfg = Release|Win32
		{E51D978B-A2A0-4A52-92F2-723B6BC8C267}.Release|Mixed Platforms.ActiveCfg = Release|Win32
		{E51D978B-A2A0-4A52-92F2-723B6BC8C267}.Release|Mixed Platforms.Build.0 = Release|Win32
		{E51D978B-A2A0-4A52-92F2-723B6BC8C267}.Release|Win32.ActiveCfg = Release|Win32
		{E51D978B-A2A0-4A52-92F2-723B6BC8C267}.Release|Win32.Build.0 = Release|Win32
		{E51D978B-A2A0-4A52-92F2-723B6BC8C267}.Release|x86.ActiveCfg = Release|Win32
		{50CC2C49-06DE-4E0F-849C-9E84436007C9}.Debug|Any CPU.ActiveCfg = Debug|Win32
		{50CC2C49-06DE-4E0F-849C-9E84436007C9}.Debug|Mixed Platforms.ActiveCfg = Debug|Win32
		{50CC2C49-06DE-4E0F-849C-9E84436007C9}.Debug|Mixed Platforms.Build.0 = Debug|Win32
		{50CC2C49-06DE-4E0F-849C-9E84436007C9}.Debug|Win32.ActiveCfg = Debug|Win32
		{50CC2C49-06DE-4E0F-849C-9E84436007C9}.Debug|Win32.Build.0 = Debug|Win32
		{50CC2C49-06DE-4E0F-849C-9E84436007C9}.Debug|x86.ActiveCfg = Debug|Win32
		{50CC2C49-06DE-4E0F-849C-9E84436007C9}.Release|Any CPU.ActiveCfg = Release|Win32
		{50CC2C49-06DE-4E0F-849C-9E84436007C9}.Release|Mixed Platforms.ActiveCfg = Release|Win32
		{50CC2C49-06DE-4E0F-849C-9E84436007C9}.Release|Mixed Platforms.Build.0 = Release|Win32
		{50CC2C49-06DE-4E0F-849C-9E84436007C9}.Release|Win32.ActiveCfg = Release|Win32
		{50CC2C49-06DE-4E0F-849C-9E84436007C9}.Release|Win32.Build.0 = Release|Win32
		{50CC2C49-06DE-4E0F-849C-9E84436007C9}.Release|x86.ActiveCfg = Release|Win32
		{4A6F9C01-789F-4BB3-AFAD-08620B943DCA}.Debug|Any CPU.ActiveCfg = Debug|Win32
		{4A6F9C01-789F-4BB3-AFAD-08620B943DCA}.Debug|Mixed Platforms.ActiveCfg = Debug|Win32
		{4A6F9C01-789F-4BB3-AFAD-08620B943DCA}.Debug|Mixed Platforms.Build.0 = Debug|Win32
		{4A6F9C01-789F-4BB3-AFAD-08620B943DCA}.Debug|Win32.ActiveCfg = Debug|Win32
		{4A6F9C01-789F-4BB3-AFAD-08620B943DCA}.Debug|Win32.Build.0 = Debug|Win32
		{4A6F9C01-789F-4BB3-AFAD-08620B943DCA}.Debug|x86.ActiveCfg = Debug|Win32
		{4A6F9C01-789F-4BB3-AFAD-08620B943DCA}.Release|Any CPU.ActiveCfg = Release|Win32
		{4A6F9C01-789F-4BB3-AFAD-08620B943DCA}.Release|Mixed Platforms.ActiveCfg = Release|Win32
		{4A6F9C01-789F-4BB3-AFAD-08620B943DCA}.Release|Mixed Platforms.Build.0 = Release|Win32
		{4A6F9C01-789F-4BB3-AFAD-08620B943DCA}.Release|Win32.ActiveCfg = Release|Win32
		{4A6F9C01-789F-4BB3-AFAD-08620B943DCA}.Release|Win32.Build.0 = Release|Win32
		{4A6F9C01-789F-4BB3-AFAD-08620B943DCA}.Release|x86.ActiveCfg = Release|Win32
		{D8317D0C-01E6-4851-BC8C-A0BC125A3605}.Debug|Any CPU.ActiveCfg = Debug|x86
		{D8317D0C-01E6-4851-BC8C-A0BC125A3605}.Debug|Mixed Platforms.ActiveCfg = Debug|x86
		{D8317D0C-01E6-4851-BC8C-A0BC125A3605}.Debug|Mixed Platforms.Build.0 = Debug|x86
		{D8317D0C-01E6-4851-BC8C-A0BC125A3605}.Debug|Win32.ActiveCfg = Debug|x86
		{D8317D0C-01E6-4851-BC8C-A0BC125A3605}.Debug|x86.ActiveCfg = Debug|x86
		{D8317D0C-01E6-4851-BC8C-A0BC125A3605}.Debug|x86.Build.0 = Debug|x86
		{D8317D0C-01E6-4851-BC8C-A0BC125A3605}.Release|Any CPU.ActiveCfg = Release|x86
		{D8317D0C-01E6-4851-BC8C-A0BC125A3605}.Release|Mixed Platforms.ActiveCfg = Release|x86
		{D8317D0C-01E6-4851-BC8C-A0BC125A3605}.Release|Mixed Platforms.Build.0 = Release|x86
		{D8317D0C-01E6-4851-BC8C-A0BC125A3605}.Release|Win32.ActiveCfg = Release|x86
		{D8317D0C-01E6-4851-BC8C-A0BC125A3605}.Release|x86.ActiveCfg = Release|x86
		{D8317D0C-01E6-4851-BC8C-A0BC125A3605}.Release|x86.Build.0 = Release|x86
	EndGlobalSection
	GlobalSection(SolutionProperties) = preSolution
		HideSolutionNode = FALSE
	EndGlobalSection
EndGlobal
