Microsoft Visual Studio Solution File, Format Version 7.00
Project("{FAE04EC0-301F-11D3-BF4B-00C04F79EFBC}") = "myAlarm", "myAlarm.csproj", "{4CE831AB-90DF-429B-9B6B-55E6D3B8805A}"
EndProject
Global
	GlobalSection(SolutionConfiguration) = preSolution
		ConfigName.0 = Debug
		ConfigName.1 = Release
	EndGlobalSection
	GlobalSection(ProjectDependencies) = postSolution
	EndGlobalSection
	GlobalSection(ProjectConfiguration) = postSolution
		{4CE831AB-90DF-429B-9B6B-55E6D3B8805A}.Debug.ActiveCfg = Debug|.NET
		{4CE831AB-90DF-429B-9B6B-55E6D3B8805A}.Debug.Build.0 = Debug|.NET
		{4CE831AB-90DF-429B-9B6B-55E6D3B8805A}.Release.ActiveCfg = Release|.NET
		{4CE831AB-90DF-429B-9B6B-55E6D3B8805A}.Release.Build.0 = Release|.NET
	EndGlobalSection
	GlobalSection(ExtensibilityGlobals) = postSolution
	EndGlobalSection
	GlobalSection(ExtensibilityAddIns) = postSolution
	EndGlobalSection
EndGlobal
