Microsoft Visual Studio Solution File, Format Version 8.00
Project("{8BC9CEB8-8B4A-11D0-8D11-00A0C91BC942}") = "TreeWalker", "TreeWalker.vcproj", "{3681BE72-9EE6-49E3-8BFE-BC946BBC4006}"
	ProjectSection(ProjectDependencies) = postProject
	EndProjectSection
EndProject
Global
	GlobalSection(SolutionConfiguration) = preSolution
		Debug = Debug
		Release = Release
	EndGlobalSection
	GlobalSection(ProjectConfiguration) = postSolution
		{3681BE72-9EE6-49E3-8BFE-BC946BBC4006}.Debug.ActiveCfg = Debug|Win32
		{3681BE72-9EE6-49E3-8BFE-BC946BBC4006}.Debug.Build.0 = Debug|Win32
		{3681BE72-9EE6-49E3-8BFE-BC946BBC4006}.Release.ActiveCfg = Release|Win32
		{3681BE72-9EE6-49E3-8BFE-BC946BBC4006}.Release.Build.0 = Release|Win32
	EndGlobalSection
	GlobalSection(ExtensibilityGlobals) = postSolution
	EndGlobalSection
	GlobalSection(ExtensibilityAddIns) = postSolution
	EndGlobalSection
EndGlobal
