
Microsoft Visual Studio Solution File, Format Version 10.00
# Visual Studio 2008
Project("{FAE04EC0-301F-11D3-BF4B-00C04F79EFBC}") = "ArySplitTest", "ArySplitTest.csproj", "{5162B1A1-9C1A-4138-B9C2-8C626A9B1772}"
EndProject
Global
	GlobalSection(SolutionConfigurationPlatforms) = preSolution
		Debug|Any CPU = Debug|Any CPU
		Release|Any CPU = Release|Any CPU
	EndGlobalSection
	GlobalSection(ProjectConfigurationPlatforms) = postSolution
		{5162B1A1-9C1A-4138-B9C2-8C626A9B1772}.Debug|Any CPU.ActiveCfg = Debug|Any CPU
		{5162B1A1-9C1A-4138-B9C2-8C626A9B1772}.Debug|Any CPU.Build.0 = Debug|Any CPU
		{5162B1A1-9C1A-4138-B9C2-8C626A9B1772}.Release|Any CPU.ActiveCfg = Release|Any CPU
		{5162B1A1-9C1A-4138-B9C2-8C626A9B1772}.Release|Any CPU.Build.0 = Release|Any CPU
	EndGlobalSection
	GlobalSection(SolutionProperties) = preSolution
		HideSolutionNode = FALSE
	EndGlobalSection
EndGlobal
