
Microsoft Visual Studio Solution File, Format Version 11.00
# Visual Studio 2010
Project("{8BC9CEB8-8B4A-11D0-8D11-00A0C91BC942}") = "ExampleUseOfEncodings", "ExampleUseOfEncodings.vcxproj", "{E0C4505A-D898-46DE-9B9E-BAA1F9E59BE4}"
EndProject
Global
	GlobalSection(SolutionConfigurationPlatforms) = preSolution
		Debug|Win32 = Debug|Win32
		Release|Win32 = Release|Win32
	EndGlobalSection
	GlobalSection(ProjectConfigurationPlatforms) = postSolution
		{E0C4505A-D898-46DE-9B9E-BAA1F9E59BE4}.Debug|Win32.ActiveCfg = Debug|Win32
		{E0C4505A-D898-46DE-9B9E-BAA1F9E59BE4}.Debug|Win32.Build.0 = Debug|Win32
		{E0C4505A-D898-46DE-9B9E-BAA1F9E59BE4}.Release|Win32.ActiveCfg = Release|Win32
		{E0C4505A-D898-46DE-9B9E-BAA1F9E59BE4}.Release|Win32.Build.0 = Release|Win32
	EndGlobalSection
	GlobalSection(SolutionProperties) = preSolution
		HideSolutionNode = FALSE
	EndGlobalSection
EndGlobal
