Microsoft Visual Studio Solution File, Format Version 8.00
Project("{8BC9CEB8-8B4A-11D0-8D11-00A0C91BC942}") = "Diablo2Hackit", "Diablo2Hackit.vcproj", "{34C66AE4-A7DC-479F-A3F3-D708B82E2F1E}"
	ProjectSection(ProjectDependencies) = postProject
	EndProjectSection
EndProject
Global
	GlobalSection(SolutionConfiguration) = preSolution
		Debug = Debug
		Release = Release
	EndGlobalSection
	GlobalSection(ProjectConfiguration) = postSolution
		{34C66AE4-A7DC-479F-A3F3-D708B82E2F1E}.Debug.ActiveCfg = Debug|Win32
		{34C66AE4-A7DC-479F-A3F3-D708B82E2F1E}.Debug.Build.0 = Debug|Win32
		{34C66AE4-A7DC-479F-A3F3-D708B82E2F1E}.Release.ActiveCfg = Release|Win32
		{34C66AE4-A7DC-479F-A3F3-D708B82E2F1E}.Release.Build.0 = Release|Win32
	EndGlobalSection
	GlobalSection(ExtensibilityGlobals) = postSolution
	EndGlobalSection
	GlobalSection(ExtensibilityAddIns) = postSolution
	EndGlobalSection
EndGlobal
